// !$*UTF8*$!
{
	archiveVersion = 1;
	classes = {
	};
	objectVersion = 48;
	objects = {

/* Begin PBXBuildFile section */
		E7B429B022F4AB0800F48597 /* CBP_FeatureTracker.cpp in Sources */ = {isa = PBXBuildFile; fileRef = E7B4293922F4AB0800F48597 /* CBP_FeatureTracker.cpp */; };
		E7B429C422F4AB0800F48597 /* CBAR_Floor.cpp in Sources */ = {isa = PBXBuildFile; fileRef = E7B4296F22F4AB0800F48597 /* CBAR_Floor.cpp */; };
		E7B429C522F4AB0800F48597 /* CBAR_Scene.cpp in Sources */ = {isa = PBXBuildFile; fileRef = E7B4297422F4AB0800F48597 /* CBAR_Scene.cpp */; };
		E7B429C622F4AB0800F48597 /* CBAR_Asset.cpp in Sources */ = {isa = PBXBuildFile; fileRef = E7B4297522F4AB0800F48597 /* CBAR_Asset.cpp */; };
		E7B429C722F4AB0800F48597 /* CBAR_RemodelingScene.cpp in Sources */ = {isa = PBXBuildFile; fileRef = E7B4297722F4AB0800F48597 /* CBAR_RemodelingScene.cpp */; };
		E7B429C822F4AB0800F48597 /* CBAR_SurfaceAsset.cpp in Sources */ = {isa = PBXBuildFile; fileRef = E7B4297A22F4AB0800F48597 /* CBAR_SurfaceAsset.cpp */; };
		E7B429C922F4AB0800F48597 /* CBAR_Model.cpp in Sources */ = {isa = PBXBuildFile; fileRef = E7B4297C22F4AB0800F48597 /* CBAR_Model.cpp */; };
		E7B429CA22F4AB0800F48597 /* CBAR_Paint.cpp in Sources */ = {isa = PBXBuildFile; fileRef = E7B4297D22F4AB0800F48597 /* CBAR_Paint.cpp */; };
		E7B42AE622F4AB3600F48597 /* triangle.cpp in Sources */ = {isa = PBXBuildFile; fileRef = E7B42A7622F4AB3500F48597 /* triangle.cpp */; };
		E7B42AF322F4AB3600F48597 /* shapes.cc in Sources */ = {isa = PBXBuildFile; fileRef = E7B42A9822F4AB3600F48597 /* shapes.cc */; };
		E7B42AF422F4AB3600F48597 /* sweep.cc in Sources */ = {isa = PBXBuildFile; fileRef = E7B42A9B22F4AB3600F48597 /* sweep.cc */; };
		E7B42AF522F4AB3600F48597 /* sweep_context.cc in Sources */ = {isa = PBXBuildFile; fileRef = E7B42A9C22F4AB3600F48597 /* sweep_context.cc */; };
		E7B42AF622F4AB3600F48597 /* cdt.cc in Sources */ = {isa = PBXBuildFile; fileRef = E7B42A9D22F4AB3600F48597 /* cdt.cc */; };
		E7B42AF722F4AB3600F48597 /* advancing_front.cc in Sources */ = {isa = PBXBuildFile; fileRef = E7B42A9F22F4AB3600F48597 /* advancing_front.cc */; };
		E7B42AFB22F4ADE400F48597 /* libopencv2.a in Frameworks */ = {isa = PBXBuildFile; fileRef = E7B42AFA22F4ADE400F48597 /* libopencv2.a */; };
		E7B42AFD22F4ADFC00F48597 /* liblzma.a in Frameworks */ = {isa = PBXBuildFile; fileRef = E7B42AFC22F4ADFC00F48597 /* liblzma.a */; };
		E7B42AFF22F4AE2B00F48597 /* libjsoncpp.a in Frameworks */ = {isa = PBXBuildFile; fileRef = E7B42AFE22F4AE2B00F48597 /* libjsoncpp.a */; };
		E7D2572D23A94D0100C2737D /* CBP_PlaneAnalyzer.cpp in Sources */ = {isa = PBXBuildFile; fileRef = E7D2570723A94CFF00C2737D /* CBP_PlaneAnalyzer.cpp */; };
		E7D2572E23A94D0100C2737D /* CBP_SurfaceAnalyzer.cpp in Sources */ = {isa = PBXBuildFile; fileRef = E7D2570823A94CFF00C2737D /* CBP_SurfaceAnalyzer.cpp */; };
		E7D2572F23A94D0100C2737D /* CBP_AnalysisUtil.cpp in Sources */ = {isa = PBXBuildFile; fileRef = E7D2570A23A94CFF00C2737D /* CBP_AnalysisUtil.cpp */; };
		E7D2573023A94D0100C2737D /* CBP_PlaneRansac.cpp in Sources */ = {isa = PBXBuildFile; fileRef = E7D2570B23A94CFF00C2737D /* CBP_PlaneRansac.cpp */; };
		E7D2573123A94D0100C2737D /* CBP_WallFinder.cpp in Sources */ = {isa = PBXBuildFile; fileRef = E7D2570D23A94CFF00C2737D /* CBP_WallFinder.cpp */; };
		E7D2573223A94D0100C2737D /* CBP_DualRangeAccumulator.cpp in Sources */ = {isa = PBXBuildFile; fileRef = E7D2571023A94CFF00C2737D /* CBP_DualRangeAccumulator.cpp */; };
		E7D2573323A94D0100C2737D /* CBP_AmbienceSampler.cpp in Sources */ = {isa = PBXBuildFile; fileRef = E7D2571123A94CFF00C2737D /* CBP_AmbienceSampler.cpp */; };
		E7D2573423A94D0100C2737D /* CBP_ShadowsAnalyzer.cpp in Sources */ = {isa = PBXBuildFile; fileRef = E7D2571423A94CFF00C2737D /* CBP_ShadowsAnalyzer.cpp */; };
		E7D2573523A94D0100C2737D /* CBP_Analyzer.cpp in Sources */ = {isa = PBXBuildFile; fileRef = E7D2571523A94CFF00C2737D /* CBP_Analyzer.cpp */; };
		E7D2573623A94D0100C2737D /* CBP_SemanticAnalyzer.cpp in Sources */ = {isa = PBXBuildFile; fileRef = E7D2571823A94D0000C2737D /* CBP_SemanticAnalyzer.cpp */; };
		E7D2573723A94D0100C2737D /* CBP_WallSegmenter.cpp in Sources */ = {isa = PBXBuildFile; fileRef = E7D2571923A94D0000C2737D /* CBP_WallSegmenter.cpp */; };
		E7D2573823A94D0100C2737D /* CBP_AreaAnalyzer.cpp in Sources */ = {isa = PBXBuildFile; fileRef = E7D2571A23A94D0000C2737D /* CBP_AreaAnalyzer.cpp */; };
		E7D2573923A94D0100C2737D /* CBP_ColorFinder.cpp in Sources */ = {isa = PBXBuildFile; fileRef = E7D2571B23A94D0000C2737D /* CBP_ColorFinder.cpp */; };
		E7D2573A23A94D0100C2737D /* CBP_SurfaceAccumulator.cpp in Sources */ = {isa = PBXBuildFile; fileRef = E7D2572023A94D0000C2737D /* CBP_SurfaceAccumulator.cpp */; };
		E7D2573B23A94D0100C2737D /* CBP_FloorSegmenter.cpp in Sources */ = {isa = PBXBuildFile; fileRef = E7D2572323A94D0000C2737D /* CBP_FloorSegmenter.cpp */; };
		E7D2573C23A94D0100C2737D /* CBP_LargeImage.cpp in Sources */ = {isa = PBXBuildFile; fileRef = E7D2572523A94D0000C2737D /* CBP_LargeImage.cpp */; };
		E7D2573D23A94D0100C2737D /* CBP_ElevationAnalyzer.cpp in Sources */ = {isa = PBXBuildFile; fileRef = E7D2572623A94D0000C2737D /* CBP_ElevationAnalyzer.cpp */; };
		E7D2573E23A94D0100C2737D /* CBP_NormalsAnalyzer.cpp in Sources */ = {isa = PBXBuildFile; fileRef = E7D2572923A94D0100C2737D /* CBP_NormalsAnalyzer.cpp */; };
		E7D2573F23A94D0100C2737D /* CBP_GroundSurfaceAnalyzer.cpp in Sources */ = {isa = PBXBuildFile; fileRef = E7D2572A23A94D0100C2737D /* CBP_GroundSurfaceAnalyzer.cpp */; };
		E7D2574023A94D0100C2737D /* CBP_LineFinder.cpp in Sources */ = {isa = PBXBuildFile; fileRef = E7D2572B23A94D0100C2737D /* CBP_LineFinder.cpp */; };
		E7D2574923A94D1F00C2737D /* CBP_MeshUtil.cpp in Sources */ = {isa = PBXBuildFile; fileRef = E7D2574423A94D1F00C2737D /* CBP_MeshUtil.cpp */; };
		E7D2574A23A94D1F00C2737D /* CBP_Triangulator.cpp in Sources */ = {isa = PBXBuildFile; fileRef = E7D2574523A94D1F00C2737D /* CBP_Triangulator.cpp */; };
		E7D2574B23A94D1F00C2737D /* CBP_MatrixUtil.cpp in Sources */ = {isa = PBXBuildFile; fileRef = E7D2574623A94D1F00C2737D /* CBP_MatrixUtil.cpp */; };
		E7D2575623A94D3500C2737D /* CBP_RenderingEngine.cpp in Sources */ = {isa = PBXBuildFile; fileRef = E7D2574D23A94D3400C2737D /* CBP_RenderingEngine.cpp */; };
		E7D2575723A94D3500C2737D /* CBP_RenderUtility.cpp in Sources */ = {isa = PBXBuildFile; fileRef = E7D2574E23A94D3400C2737D /* CBP_RenderUtility.cpp */; };
		E7D2575823A94D3500C2737D /* CBP_Renderer.cpp in Sources */ = {isa = PBXBuildFile; fileRef = E7D2575423A94D3500C2737D /* CBP_Renderer.cpp */; };
		E7D2575923A94D3500C2737D /* CBP_SurfaceRenderer.cpp in Sources */ = {isa = PBXBuildFile; fileRef = E7D2575523A94D3500C2737D /* CBP_SurfaceRenderer.cpp */; };
		E7D2577323A94D4B00C2737D /* CBP_DeepModel.cpp in Sources */ = {isa = PBXBuildFile; fileRef = E7D2575A23A94D4A00C2737D /* CBP_DeepModel.cpp */; };
		E7D2577423A94D4B00C2737D /* CBP_MLUtility.cpp in Sources */ = {isa = PBXBuildFile; fileRef = E7D2575B23A94D4A00C2737D /* CBP_MLUtility.cpp */; };
		E7D2577523A94D4B00C2737D /* CBP_FloorFloodFill.cpp in Sources */ = {isa = PBXBuildFile; fileRef = E7D2575D23A94D4A00C2737D /* CBP_FloorFloodFill.cpp */; };
		E7D2577623A94D4B00C2737D /* CBP_FloodFillAlgorithm.cpp in Sources */ = {isa = PBXBuildFile; fileRef = E7D2575E23A94D4B00C2737D /* CBP_FloodFillAlgorithm.cpp */; };
		E7D2577723A94D4B00C2737D /* CBP_SemanticSegmenter.cpp in Sources */ = {isa = PBXBuildFile; fileRef = E7D2575F23A94D4B00C2737D /* CBP_SemanticSegmenter.cpp */; };
		E7D2577823A94D4B00C2737D /* CBP_ShadowsEstimator.cpp in Sources */ = {isa = PBXBuildFile; fileRef = E7D2576023A94D4B00C2737D /* CBP_ShadowsEstimator.cpp */; };
		E7D2577923A94D4B00C2737D /* CBP_ImageDBExporter.cpp in Sources */ = {isa = PBXBuildFile; fileRef = E7D2576123A94D4B00C2737D /* CBP_ImageDBExporter.cpp */; };
		E7D2577A23A94D4B00C2737D /* CBP_WallFloodFill.cpp in Sources */ = {isa = PBXBuildFile; fileRef = E7D2576723A94D4B00C2737D /* CBP_WallFloodFill.cpp */; };
		E7D2577B23A94D4B00C2737D /* CBP_SurfaceNormalsEstimator.cpp in Sources */ = {isa = PBXBuildFile; fileRef = E7D2577123A94D4B00C2737D /* CBP_SurfaceNormalsEstimator.cpp */; };
		E7D2577C23A94D4B00C2737D /* CBP_ElevationEstimator.cpp in Sources */ = {isa = PBXBuildFile; fileRef = E7D2577223A94D4B00C2737D /* CBP_ElevationEstimator.cpp */; };
		E7D2578C23A94D9F00C2737D /* CBAR_Common.cpp in Sources */ = {isa = PBXBuildFile; fileRef = E7D2577D23A94D9E00C2737D /* CBAR_Common.cpp */; };
		E7D2578D23A94D9F00C2737D /* CBAR_View.cpp in Sources */ = {isa = PBXBuildFile; fileRef = E7D2578023A94D9E00C2737D /* CBAR_View.cpp */; };
		E7D2578E23A94D9F00C2737D /* CBAR_VideoThread.cpp in Sources */ = {isa = PBXBuildFile; fileRef = E7D2578323A94D9E00C2737D /* CBAR_VideoThread.cpp */; };
		E7D2578F23A94D9F00C2737D /* CBAR_VideoFrame.cpp in Sources */ = {isa = PBXBuildFile; fileRef = E7D2578623A94D9E00C2737D /* CBAR_VideoFrame.cpp */; };
		E7D2579023A94D9F00C2737D /* CBAR_GLOffscreenRenderer.cpp in Sources */ = {isa = PBXBuildFile; fileRef = E7D2578A23A94D9F00C2737D /* CBAR_GLOffscreenRenderer.cpp */; };
		E7D2579123A94D9F00C2737D /* CBAR_CallbackI.cpp in Sources */ = {isa = PBXBuildFile; fileRef = E7D2578B23A94D9F00C2737D /* CBAR_CallbackI.cpp */; };
		E7D2579723A94DB900C2737D /* CB_Licensing.cpp in Sources */ = {isa = PBXBuildFile; fileRef = E7D2579523A94DB900C2737D /* CB_Licensing.cpp */; };
		E7D257B023A94DFB00C2737D /* Coloring.cpp in Sources */ = {isa = PBXBuildFile; fileRef = E7D2579923A94DFA00C2737D /* Coloring.cpp */; };
		E7D257B123A94DFB00C2737D /* Geometry.cpp in Sources */ = {isa = PBXBuildFile; fileRef = E7D2579C23A94DFA00C2737D /* Geometry.cpp */; };
		E7D257B223A94DFB00C2737D /* BezierCurve.cpp in Sources */ = {isa = PBXBuildFile; fileRef = E7D257A223A94DFB00C2737D /* BezierCurve.cpp */; };
		E7D257B323A94DFB00C2737D /* ImageProcessing.cpp in Sources */ = {isa = PBXBuildFile; fileRef = E7D257A323A94DFB00C2737D /* ImageProcessing.cpp */; };
		E7D257B423A94DFB00C2737D /* LineProcessing.cpp in Sources */ = {isa = PBXBuildFile; fileRef = E7D257A423A94DFB00C2737D /* LineProcessing.cpp */; };
		E7D257B523A94DFB00C2737D /* Imaging.cpp in Sources */ = {isa = PBXBuildFile; fileRef = E7D257A923A94DFB00C2737D /* Imaging.cpp */; };
		E7D257B623A94DFB00C2737D /* LineSegment.cpp in Sources */ = {isa = PBXBuildFile; fileRef = E7D257AA23A94DFB00C2737D /* LineSegment.cpp */; };
		E7D257B723A94DFB00C2737D /* Accelerated.cpp in Sources */ = {isa = PBXBuildFile; fileRef = E7D257AC23A94DFB00C2737D /* Accelerated.cpp */; };
		E7D257B823A94DFB00C2737D /* RansacPlane.cpp in Sources */ = {isa = PBXBuildFile; fileRef = E7D257AD23A94DFB00C2737D /* RansacPlane.cpp */; };
		E7D257B923A94DFB00C2737D /* FloodFill.cpp in Sources */ = {isa = PBXBuildFile; fileRef = E7D257AE23A94DFB00C2737D /* FloodFill.cpp */; };
		E7D257BA23A94DFB00C2737D /* Drawing.cpp in Sources */ = {isa = PBXBuildFile; fileRef = E7D257AF23A94DFB00C2737D /* Drawing.cpp */; };
		E7D257C923A94E1600C2737D /* JSONHelper.cpp in Sources */ = {isa = PBXBuildFile; fileRef = E7D257BB23A94E1600C2737D /* JSONHelper.cpp */; };
		E7D257CA23A94E1600C2737D /* ShaderUtilities.cpp in Sources */ = {isa = PBXBuildFile; fileRef = E7D257C123A94E1600C2737D /* ShaderUtilities.cpp */; };
		E7D257CB23A94E1600C2737D /* Diagnostics.cpp in Sources */ = {isa = PBXBuildFile; fileRef = E7D257C223A94E1600C2737D /* Diagnostics.cpp */; };
		E7D257CC23A94E1600C2737D /* Directory.cpp in Sources */ = {isa = PBXBuildFile; fileRef = E7D257C323A94E1600C2737D /* Directory.cpp */; };
		E7D257CD23A94E1600C2737D /* CommonUtility.cpp in Sources */ = {isa = PBXBuildFile; fileRef = E7D257C423A94E1600C2737D /* CommonUtility.cpp */; };
		E7D257CE23A94E1600C2737D /* Threads.cpp in Sources */ = {isa = PBXBuildFile; fileRef = E7D257C523A94E1600C2737D /* Threads.cpp */; };
/* End PBXBuildFile section */

/* Begin PBXCopyFilesBuildPhase section */
		E7EA1E311FD7622C00B3DE54 /* CopyFiles */ = {
			isa = PBXCopyFilesBuildPhase;
			buildActionMask = 2147483647;
			dstPath = "include/$(PRODUCT_NAME)";
			dstSubfolderSpec = 16;
			files = (
			);
			runOnlyForDeploymentPostprocessing = 0;
		};
/* End PBXCopyFilesBuildPhase section */

/* Begin PBXFileReference section */
		E72836EF2061F23700A3FB31 /* libtensorflow-core.a */ = {isa = PBXFileReference; lastKnownFileType = archive.ar; name = "libtensorflow-core.a"; path = "../../../../prebuilts/tensorflow/lib/ios/libtensorflow-core.a"; sourceTree = "<group>"; };
		E72836F12061F25B00A3FB31 /* libprotobuf-lite.a */ = {isa = PBXFileReference; lastKnownFileType = archive.ar; name = "libprotobuf-lite.a"; path = "../../../../prebuilts/tensorflow/lib/ios/libprotobuf-lite.a"; sourceTree = "<group>"; };
		E72836F32061F28900A3FB31 /* libprotobuf.a */ = {isa = PBXFileReference; lastKnownFileType = archive.ar; name = libprotobuf.a; path = ../../../../prebuilts/tensorflow/lib/ios/libprotobuf.a; sourceTree = "<group>"; };
		E72BEC1F200EBE310037F832 /* libbgfxRelease.a */ = {isa = PBXFileReference; lastKnownFileType = archive.ar; name = libbgfxRelease.a; path = ../../../../prebuilts/bgfx/lib/ios/libbgfxRelease.a; sourceTree = "<group>"; };
		E72BEC20200EBE310037F832 /* libbxRelease.a */ = {isa = PBXFileReference; lastKnownFileType = archive.ar; name = libbxRelease.a; path = ../../../../prebuilts/bgfx/lib/ios/libbxRelease.a; sourceTree = "<group>"; };
		E72BEC23200EBE650037F832 /* libjsoncpp.a */ = {isa = PBXFileReference; lastKnownFileType = archive.ar; name = libjsoncpp.a; path = ../../../../prebuilts/jsoncpp/ios/lib/libjsoncpp.a; sourceTree = "<group>"; };
		E72BEC25200EBEAF0037F832 /* liblzma.a */ = {isa = PBXFileReference; lastKnownFileType = archive.ar; name = liblzma.a; path = ../../../../prebuilts/liblzma/lib/ios/liblzma.a; sourceTree = "<group>"; };
		E72BEC27200EBECE0037F832 /* libopencv2.a */ = {isa = PBXFileReference; lastKnownFileType = archive.ar; name = libopencv2.a; path = "../../../../prebuilts/opencv/opencv-ios/lib/libopencv2.a"; sourceTree = "<group>"; };
		E758B6BD206200C200742F40 /* nsync.a */ = {isa = PBXFileReference; lastKnownFileType = archive.ar; name = nsync.a; path = ../../../../prebuilts/tensorflow/lib/ios/nsync.a; sourceTree = "<group>"; };
		E7B428FE22F4AB0800F48597 /* CMakeLists.txt */ = {isa = PBXFileReference; fileEncoding = 4; lastKnownFileType = text; path = CMakeLists.txt; sourceTree = "<group>"; };
		E7B4293622F4AB0800F48597 /* CMakeLists.txt */ = {isa = PBXFileReference; fileEncoding = 4; lastKnownFileType = text; path = CMakeLists.txt; sourceTree = "<group>"; };
		E7B4293722F4AB0800F48597 /* CBP_FeatureTracker.hpp */ = {isa = PBXFileReference; fileEncoding = 4; lastKnownFileType = sourcecode.cpp.h; path = CBP_FeatureTracker.hpp; sourceTree = "<group>"; };
		E7B4293822F4AB0800F48597 /* motion.h */ = {isa = PBXFileReference; fileEncoding = 4; lastKnownFileType = sourcecode.c.h; path = motion.h; sourceTree = "<group>"; };
		E7B4293922F4AB0800F48597 /* CBP_FeatureTracker.cpp */ = {isa = PBXFileReference; fileEncoding = 4; lastKnownFileType = sourcecode.cpp.cpp; path = CBP_FeatureTracker.cpp; sourceTree = "<group>"; };
		E7B4293A22F4AB0800F48597 /* CBP_Types.hpp */ = {isa = PBXFileReference; fileEncoding = 4; lastKnownFileType = sourcecode.cpp.h; path = CBP_Types.hpp; sourceTree = "<group>"; };
		E7B4293B22F4AB0800F48597 /* pipeline.h */ = {isa = PBXFileReference; fileEncoding = 4; lastKnownFileType = sourcecode.c.h; path = pipeline.h; sourceTree = "<group>"; };
		E7B4296F22F4AB0800F48597 /* CBAR_Floor.cpp */ = {isa = PBXFileReference; fileEncoding = 4; lastKnownFileType = sourcecode.cpp.cpp; path = CBAR_Floor.cpp; sourceTree = "<group>"; };
		E7B4297022F4AB0800F48597 /* CBAR_Model.hpp */ = {isa = PBXFileReference; fileEncoding = 4; lastKnownFileType = sourcecode.cpp.h; path = CBAR_Model.hpp; sourceTree = "<group>"; };
		E7B4297122F4AB0800F48597 /* CMakeLists.txt */ = {isa = PBXFileReference; fileEncoding = 4; lastKnownFileType = text; path = CMakeLists.txt; sourceTree = "<group>"; };
		E7B4297222F4AB0800F48597 /* CBAR_Paint.hpp */ = {isa = PBXFileReference; fileEncoding = 4; lastKnownFileType = sourcecode.cpp.h; path = CBAR_Paint.hpp; sourceTree = "<group>"; };
		E7B4297322F4AB0800F48597 /* CBAR_RemodelingScene.hpp */ = {isa = PBXFileReference; fileEncoding = 4; lastKnownFileType = sourcecode.cpp.h; path = CBAR_RemodelingScene.hpp; sourceTree = "<group>"; };
		E7B4297422F4AB0800F48597 /* CBAR_Scene.cpp */ = {isa = PBXFileReference; fileEncoding = 4; lastKnownFileType = sourcecode.cpp.cpp; path = CBAR_Scene.cpp; sourceTree = "<group>"; };
		E7B4297522F4AB0800F48597 /* CBAR_Asset.cpp */ = {isa = PBXFileReference; fileEncoding = 4; lastKnownFileType = sourcecode.cpp.cpp; path = CBAR_Asset.cpp; sourceTree = "<group>"; };
		E7B4297622F4AB0800F48597 /* CBAR_SurfaceAsset.hpp */ = {isa = PBXFileReference; fileEncoding = 4; lastKnownFileType = sourcecode.cpp.h; path = CBAR_SurfaceAsset.hpp; sourceTree = "<group>"; };
		E7B4297722F4AB0800F48597 /* CBAR_RemodelingScene.cpp */ = {isa = PBXFileReference; fileEncoding = 4; lastKnownFileType = sourcecode.cpp.cpp; path = CBAR_RemodelingScene.cpp; sourceTree = "<group>"; };
		E7B4297822F4AB0800F48597 /* CBAR_Scene.hpp */ = {isa = PBXFileReference; fileEncoding = 4; lastKnownFileType = sourcecode.cpp.h; path = CBAR_Scene.hpp; sourceTree = "<group>"; };
		E7B4297922F4AB0800F48597 /* CBAR_Asset.hpp */ = {isa = PBXFileReference; fileEncoding = 4; lastKnownFileType = sourcecode.cpp.h; path = CBAR_Asset.hpp; sourceTree = "<group>"; };
		E7B4297A22F4AB0800F48597 /* CBAR_SurfaceAsset.cpp */ = {isa = PBXFileReference; fileEncoding = 4; lastKnownFileType = sourcecode.cpp.cpp; path = CBAR_SurfaceAsset.cpp; sourceTree = "<group>"; };
		E7B4297B22F4AB0800F48597 /* CBAR_Floor.hpp */ = {isa = PBXFileReference; fileEncoding = 4; lastKnownFileType = sourcecode.cpp.h; path = CBAR_Floor.hpp; sourceTree = "<group>"; };
		E7B4297C22F4AB0800F48597 /* CBAR_Model.cpp */ = {isa = PBXFileReference; fileEncoding = 4; lastKnownFileType = sourcecode.cpp.cpp; path = CBAR_Model.cpp; sourceTree = "<group>"; };
		E7B4297D22F4AB0800F48597 /* CBAR_Paint.cpp */ = {isa = PBXFileReference; fileEncoding = 4; lastKnownFileType = sourcecode.cpp.cpp; path = CBAR_Paint.cpp; sourceTree = "<group>"; };
		E7B4297E22F4AB0800F48597 /* scene.h */ = {isa = PBXFileReference; fileEncoding = 4; lastKnownFileType = sourcecode.c.h; path = scene.h; sourceTree = "<group>"; };
		E7B429CC22F4AB1C00F48597 /* cambrian.h */ = {isa = PBXFileReference; fileEncoding = 4; lastKnownFileType = sourcecode.c.h; path = cambrian.h; sourceTree = "<group>"; };
		E7B429CE22F4AB3500F48597 /* CMakeLists.txt */ = {isa = PBXFileReference; fileEncoding = 4; lastKnownFileType = text; path = CMakeLists.txt; sourceTree = "<group>"; };
		E7B42A7622F4AB3500F48597 /* triangle.cpp */ = {isa = PBXFileReference; fileEncoding = 4; lastKnownFileType = sourcecode.cpp.cpp; path = triangle.cpp; sourceTree = "<group>"; };
		E7B42A7722F4AB3600F48597 /* triangle.h */ = {isa = PBXFileReference; fileEncoding = 4; lastKnownFileType = sourcecode.c.h; path = triangle.h; sourceTree = "<group>"; };
		E7B42A9522F4AB3600F48597 /* poly2tri.h */ = {isa = PBXFileReference; fileEncoding = 4; lastKnownFileType = sourcecode.c.h; path = poly2tri.h; sourceTree = "<group>"; };
		E7B42A9722F4AB3600F48597 /* utils.h */ = {isa = PBXFileReference; fileEncoding = 4; lastKnownFileType = sourcecode.c.h; path = utils.h; sourceTree = "<group>"; };
		E7B42A9822F4AB3600F48597 /* shapes.cc */ = {isa = PBXFileReference; fileEncoding = 4; lastKnownFileType = sourcecode.cpp.cpp; path = shapes.cc; sourceTree = "<group>"; };
		E7B42A9922F4AB3600F48597 /* shapes.h */ = {isa = PBXFileReference; fileEncoding = 4; lastKnownFileType = sourcecode.c.h; path = shapes.h; sourceTree = "<group>"; };
		E7B42A9B22F4AB3600F48597 /* sweep.cc */ = {isa = PBXFileReference; fileEncoding = 4; lastKnownFileType = sourcecode.cpp.cpp; path = sweep.cc; sourceTree = "<group>"; };
		E7B42A9C22F4AB3600F48597 /* sweep_context.cc */ = {isa = PBXFileReference; fileEncoding = 4; lastKnownFileType = sourcecode.cpp.cpp; path = sweep_context.cc; sourceTree = "<group>"; };
		E7B42A9D22F4AB3600F48597 /* cdt.cc */ = {isa = PBXFileReference; fileEncoding = 4; lastKnownFileType = sourcecode.cpp.cpp; path = cdt.cc; sourceTree = "<group>"; };
		E7B42A9E22F4AB3600F48597 /* advancing_front.h */ = {isa = PBXFileReference; fileEncoding = 4; lastKnownFileType = sourcecode.c.h; path = advancing_front.h; sourceTree = "<group>"; };
		E7B42A9F22F4AB3600F48597 /* advancing_front.cc */ = {isa = PBXFileReference; fileEncoding = 4; lastKnownFileType = sourcecode.cpp.cpp; path = advancing_front.cc; sourceTree = "<group>"; };
		E7B42AA022F4AB3600F48597 /* sweep.h */ = {isa = PBXFileReference; fileEncoding = 4; lastKnownFileType = sourcecode.c.h; path = sweep.h; sourceTree = "<group>"; };
		E7B42AA122F4AB3600F48597 /* sweep_context.h */ = {isa = PBXFileReference; fileEncoding = 4; lastKnownFileType = sourcecode.c.h; path = sweep_context.h; sourceTree = "<group>"; };
		E7B42AA222F4AB3600F48597 /* cdt.h */ = {isa = PBXFileReference; fileEncoding = 4; lastKnownFileType = sourcecode.c.h; path = cdt.h; sourceTree = "<group>"; };
		E7B42AF822F4ADBC00F48597 /* nsync.a */ = {isa = PBXFileReference; lastKnownFileType = archive.ar; name = nsync.a; path = ../prebuilts/tensorflow/lib/ios/nsync.a; sourceTree = "<group>"; };
		E7B42AFA22F4ADE400F48597 /* libopencv2.a */ = {isa = PBXFileReference; lastKnownFileType = archive.ar; name = libopencv2.a; path = "../prebuilts/opencv/opencv-ios/lib/libopencv2.a"; sourceTree = "<group>"; };
		E7B42AFC22F4ADFC00F48597 /* liblzma.a */ = {isa = PBXFileReference; lastKnownFileType = archive.ar; name = liblzma.a; path = ../prebuilts/liblzma/lib/ios/liblzma.a; sourceTree = "<group>"; };
		E7B42AFE22F4AE2B00F48597 /* libjsoncpp.a */ = {isa = PBXFileReference; lastKnownFileType = archive.ar; name = libjsoncpp.a; path = ../prebuilts/jsoncpp/ios/lib/libjsoncpp.a; sourceTree = "<group>"; };
		E7D2570123A94CFF00C2737D /* CBP_LargeImage.hpp */ = {isa = PBXFileReference; fileEncoding = 4; lastKnownFileType = sourcecode.cpp.h; path = CBP_LargeImage.hpp; sourceTree = "<group>"; };
		E7D2570223A94CFF00C2737D /* CBP_ElevationAnalyzer.hpp */ = {isa = PBXFileReference; fileEncoding = 4; lastKnownFileType = sourcecode.cpp.h; path = CBP_ElevationAnalyzer.hpp; sourceTree = "<group>"; };
		E7D2570323A94CFF00C2737D /* CBP_AnalysisUtil.hpp */ = {isa = PBXFileReference; fileEncoding = 4; lastKnownFileType = sourcecode.cpp.h; path = CBP_AnalysisUtil.hpp; sourceTree = "<group>"; };
		E7D2570423A94CFF00C2737D /* CBP_DualRangeAccumulator.hpp */ = {isa = PBXFileReference; fileEncoding = 4; lastKnownFileType = sourcecode.cpp.h; path = CBP_DualRangeAccumulator.hpp; sourceTree = "<group>"; };
		E7D2570523A94CFF00C2737D /* CBP_FloorSegmenter.hpp */ = {isa = PBXFileReference; fileEncoding = 4; lastKnownFileType = sourcecode.cpp.h; path = CBP_FloorSegmenter.hpp; sourceTree = "<group>"; };
		E7D2570623A94CFF00C2737D /* CBP_NormalsAnalyzer.hpp */ = {isa = PBXFileReference; fileEncoding = 4; lastKnownFileType = sourcecode.cpp.h; path = CBP_NormalsAnalyzer.hpp; sourceTree = "<group>"; };
		E7D2570723A94CFF00C2737D /* CBP_PlaneAnalyzer.cpp */ = {isa = PBXFileReference; fileEncoding = 4; lastKnownFileType = sourcecode.cpp.cpp; path = CBP_PlaneAnalyzer.cpp; sourceTree = "<group>"; };
		E7D2570823A94CFF00C2737D /* CBP_SurfaceAnalyzer.cpp */ = {isa = PBXFileReference; fileEncoding = 4; lastKnownFileType = sourcecode.cpp.cpp; path = CBP_SurfaceAnalyzer.cpp; sourceTree = "<group>"; };
		E7D2570923A94CFF00C2737D /* CBP_PlaneAnalyzer.hpp */ = {isa = PBXFileReference; fileEncoding = 4; lastKnownFileType = sourcecode.cpp.h; path = CBP_PlaneAnalyzer.hpp; sourceTree = "<group>"; };
		E7D2570A23A94CFF00C2737D /* CBP_AnalysisUtil.cpp */ = {isa = PBXFileReference; fileEncoding = 4; lastKnownFileType = sourcecode.cpp.cpp; path = CBP_AnalysisUtil.cpp; sourceTree = "<group>"; };
		E7D2570B23A94CFF00C2737D /* CBP_PlaneRansac.cpp */ = {isa = PBXFileReference; fileEncoding = 4; lastKnownFileType = sourcecode.cpp.cpp; path = CBP_PlaneRansac.cpp; sourceTree = "<group>"; };
		E7D2570C23A94CFF00C2737D /* CBP_AmbienceSampler.hpp */ = {isa = PBXFileReference; fileEncoding = 4; lastKnownFileType = sourcecode.cpp.h; path = CBP_AmbienceSampler.hpp; sourceTree = "<group>"; };
		E7D2570D23A94CFF00C2737D /* CBP_WallFinder.cpp */ = {isa = PBXFileReference; fileEncoding = 4; lastKnownFileType = sourcecode.cpp.cpp; path = CBP_WallFinder.cpp; sourceTree = "<group>"; };
		E7D2570E23A94CFF00C2737D /* CBP_WallFinder.hpp */ = {isa = PBXFileReference; fileEncoding = 4; lastKnownFileType = sourcecode.cpp.h; path = CBP_WallFinder.hpp; sourceTree = "<group>"; };
		E7D2570F23A94CFF00C2737D /* CBP_WallSegmenter.hpp */ = {isa = PBXFileReference; fileEncoding = 4; lastKnownFileType = sourcecode.cpp.h; path = CBP_WallSegmenter.hpp; sourceTree = "<group>"; };
		E7D2571023A94CFF00C2737D /* CBP_DualRangeAccumulator.cpp */ = {isa = PBXFileReference; fileEncoding = 4; lastKnownFileType = sourcecode.cpp.cpp; path = CBP_DualRangeAccumulator.cpp; sourceTree = "<group>"; };
		E7D2571123A94CFF00C2737D /* CBP_AmbienceSampler.cpp */ = {isa = PBXFileReference; fileEncoding = 4; lastKnownFileType = sourcecode.cpp.cpp; path = CBP_AmbienceSampler.cpp; sourceTree = "<group>"; };
		E7D2571223A94CFF00C2737D /* CBP_SurfaceAccumulator.hpp */ = {isa = PBXFileReference; fileEncoding = 4; lastKnownFileType = sourcecode.cpp.h; path = CBP_SurfaceAccumulator.hpp; sourceTree = "<group>"; };
		E7D2571323A94CFF00C2737D /* CMakeLists.txt */ = {isa = PBXFileReference; fileEncoding = 4; lastKnownFileType = text; path = CMakeLists.txt; sourceTree = "<group>"; };
		E7D2571423A94CFF00C2737D /* CBP_ShadowsAnalyzer.cpp */ = {isa = PBXFileReference; fileEncoding = 4; lastKnownFileType = sourcecode.cpp.cpp; path = CBP_ShadowsAnalyzer.cpp; sourceTree = "<group>"; };
		E7D2571523A94CFF00C2737D /* CBP_Analyzer.cpp */ = {isa = PBXFileReference; fileEncoding = 4; lastKnownFileType = sourcecode.cpp.cpp; path = CBP_Analyzer.cpp; sourceTree = "<group>"; };
		E7D2571623A94CFF00C2737D /* CBP_GroundSurfaceAnalyzer.hpp */ = {isa = PBXFileReference; fileEncoding = 4; lastKnownFileType = sourcecode.cpp.h; path = CBP_GroundSurfaceAnalyzer.hpp; sourceTree = "<group>"; };
		E7D2571723A94D0000C2737D /* CBP_ColorFinder.hpp */ = {isa = PBXFileReference; fileEncoding = 4; lastKnownFileType = sourcecode.cpp.h; path = CBP_ColorFinder.hpp; sourceTree = "<group>"; };
		E7D2571823A94D0000C2737D /* CBP_SemanticAnalyzer.cpp */ = {isa = PBXFileReference; fileEncoding = 4; lastKnownFileType = sourcecode.cpp.cpp; path = CBP_SemanticAnalyzer.cpp; sourceTree = "<group>"; };
		E7D2571923A94D0000C2737D /* CBP_WallSegmenter.cpp */ = {isa = PBXFileReference; fileEncoding = 4; lastKnownFileType = sourcecode.cpp.cpp; path = CBP_WallSegmenter.cpp; sourceTree = "<group>"; };
		E7D2571A23A94D0000C2737D /* CBP_AreaAnalyzer.cpp */ = {isa = PBXFileReference; fileEncoding = 4; lastKnownFileType = sourcecode.cpp.cpp; path = CBP_AreaAnalyzer.cpp; sourceTree = "<group>"; };
		E7D2571B23A94D0000C2737D /* CBP_ColorFinder.cpp */ = {isa = PBXFileReference; fileEncoding = 4; lastKnownFileType = sourcecode.cpp.cpp; path = CBP_ColorFinder.cpp; sourceTree = "<group>"; };
		E7D2571C23A94D0000C2737D /* CBP_AnalysisTypes.hpp */ = {isa = PBXFileReference; fileEncoding = 4; lastKnownFileType = sourcecode.cpp.h; path = CBP_AnalysisTypes.hpp; sourceTree = "<group>"; };
		E7D2571D23A94D0000C2737D /* CBP_Segmenter.hpp */ = {isa = PBXFileReference; fileEncoding = 4; lastKnownFileType = sourcecode.cpp.h; path = CBP_Segmenter.hpp; sourceTree = "<group>"; };
		E7D2571E23A94D0000C2737D /* CBP_ShadowsAnalyzer.hpp */ = {isa = PBXFileReference; fileEncoding = 4; lastKnownFileType = sourcecode.cpp.h; path = CBP_ShadowsAnalyzer.hpp; sourceTree = "<group>"; };
		E7D2571F23A94D0000C2737D /* CBP_PlaneRansac.hpp */ = {isa = PBXFileReference; fileEncoding = 4; lastKnownFileType = sourcecode.cpp.h; path = CBP_PlaneRansac.hpp; sourceTree = "<group>"; };
		E7D2572023A94D0000C2737D /* CBP_SurfaceAccumulator.cpp */ = {isa = PBXFileReference; fileEncoding = 4; lastKnownFileType = sourcecode.cpp.cpp; path = CBP_SurfaceAccumulator.cpp; sourceTree = "<group>"; };
		E7D2572123A94D0000C2737D /* CBP_AreaAnalyzer.hpp */ = {isa = PBXFileReference; fileEncoding = 4; lastKnownFileType = sourcecode.cpp.h; path = CBP_AreaAnalyzer.hpp; sourceTree = "<group>"; };
		E7D2572223A94D0000C2737D /* CBP_SurfaceAnalyzer.hpp */ = {isa = PBXFileReference; fileEncoding = 4; lastKnownFileType = sourcecode.cpp.h; path = CBP_SurfaceAnalyzer.hpp; sourceTree = "<group>"; };
		E7D2572323A94D0000C2737D /* CBP_FloorSegmenter.cpp */ = {isa = PBXFileReference; fileEncoding = 4; lastKnownFileType = sourcecode.cpp.cpp; path = CBP_FloorSegmenter.cpp; sourceTree = "<group>"; };
		E7D2572423A94D0000C2737D /* analysis.h */ = {isa = PBXFileReference; fileEncoding = 4; lastKnownFileType = sourcecode.c.h; path = analysis.h; sourceTree = "<group>"; };
		E7D2572523A94D0000C2737D /* CBP_LargeImage.cpp */ = {isa = PBXFileReference; fileEncoding = 4; lastKnownFileType = sourcecode.cpp.cpp; path = CBP_LargeImage.cpp; sourceTree = "<group>"; };
		E7D2572623A94D0000C2737D /* CBP_ElevationAnalyzer.cpp */ = {isa = PBXFileReference; fileEncoding = 4; lastKnownFileType = sourcecode.cpp.cpp; path = CBP_ElevationAnalyzer.cpp; sourceTree = "<group>"; };
		E7D2572723A94D0000C2737D /* CBP_LineFinder.hpp */ = {isa = PBXFileReference; fileEncoding = 4; lastKnownFileType = sourcecode.cpp.h; path = CBP_LineFinder.hpp; sourceTree = "<group>"; };
		E7D2572823A94D0100C2737D /* CBP_Analyzer.hpp */ = {isa = PBXFileReference; fileEncoding = 4; lastKnownFileType = sourcecode.cpp.h; path = CBP_Analyzer.hpp; sourceTree = "<group>"; };
		E7D2572923A94D0100C2737D /* CBP_NormalsAnalyzer.cpp */ = {isa = PBXFileReference; fileEncoding = 4; lastKnownFileType = sourcecode.cpp.cpp; path = CBP_NormalsAnalyzer.cpp; sourceTree = "<group>"; };
		E7D2572A23A94D0100C2737D /* CBP_GroundSurfaceAnalyzer.cpp */ = {isa = PBXFileReference; fileEncoding = 4; lastKnownFileType = sourcecode.cpp.cpp; path = CBP_GroundSurfaceAnalyzer.cpp; sourceTree = "<group>"; };
		E7D2572B23A94D0100C2737D /* CBP_LineFinder.cpp */ = {isa = PBXFileReference; fileEncoding = 4; lastKnownFileType = sourcecode.cpp.cpp; path = CBP_LineFinder.cpp; sourceTree = "<group>"; };
		E7D2572C23A94D0100C2737D /* CBP_SemanticAnalyzer.hpp */ = {isa = PBXFileReference; fileEncoding = 4; lastKnownFileType = sourcecode.cpp.h; path = CBP_SemanticAnalyzer.hpp; sourceTree = "<group>"; };
		E7D2574123A94D1F00C2737D /* CBP_MatrixUtil.hpp */ = {isa = PBXFileReference; fileEncoding = 4; lastKnownFileType = sourcecode.cpp.h; path = CBP_MatrixUtil.hpp; sourceTree = "<group>"; };
		E7D2574223A94D1F00C2737D /* util.h */ = {isa = PBXFileReference; fileEncoding = 4; lastKnownFileType = sourcecode.c.h; path = util.h; sourceTree = "<group>"; };
		E7D2574323A94D1F00C2737D /* CMakeLists.txt */ = {isa = PBXFileReference; fileEncoding = 4; lastKnownFileType = text; path = CMakeLists.txt; sourceTree = "<group>"; };
		E7D2574423A94D1F00C2737D /* CBP_MeshUtil.cpp */ = {isa = PBXFileReference; fileEncoding = 4; lastKnownFileType = sourcecode.cpp.cpp; path = CBP_MeshUtil.cpp; sourceTree = "<group>"; };
		E7D2574523A94D1F00C2737D /* CBP_Triangulator.cpp */ = {isa = PBXFileReference; fileEncoding = 4; lastKnownFileType = sourcecode.cpp.cpp; path = CBP_Triangulator.cpp; sourceTree = "<group>"; };
		E7D2574623A94D1F00C2737D /* CBP_MatrixUtil.cpp */ = {isa = PBXFileReference; fileEncoding = 4; lastKnownFileType = sourcecode.cpp.cpp; path = CBP_MatrixUtil.cpp; sourceTree = "<group>"; };
		E7D2574723A94D1F00C2737D /* CBP_MeshUtil.hpp */ = {isa = PBXFileReference; fileEncoding = 4; lastKnownFileType = sourcecode.cpp.h; path = CBP_MeshUtil.hpp; sourceTree = "<group>"; };
		E7D2574823A94D1F00C2737D /* CBP_Triangulator.hpp */ = {isa = PBXFileReference; fileEncoding = 4; lastKnownFileType = sourcecode.cpp.h; path = CBP_Triangulator.hpp; sourceTree = "<group>"; };
		E7D2574C23A94D3400C2737D /* CBP_RenderingEngine.hpp */ = {isa = PBXFileReference; fileEncoding = 4; lastKnownFileType = sourcecode.cpp.h; path = CBP_RenderingEngine.hpp; sourceTree = "<group>"; };
		E7D2574D23A94D3400C2737D /* CBP_RenderingEngine.cpp */ = {isa = PBXFileReference; fileEncoding = 4; lastKnownFileType = sourcecode.cpp.cpp; path = CBP_RenderingEngine.cpp; sourceTree = "<group>"; };
		E7D2574E23A94D3400C2737D /* CBP_RenderUtility.cpp */ = {isa = PBXFileReference; fileEncoding = 4; lastKnownFileType = sourcecode.cpp.cpp; path = CBP_RenderUtility.cpp; sourceTree = "<group>"; };
		E7D2574F23A94D3400C2737D /* CMakeLists.txt */ = {isa = PBXFileReference; fileEncoding = 4; lastKnownFileType = text; path = CMakeLists.txt; sourceTree = "<group>"; };
		E7D2575023A94D3500C2737D /* CBP_Renderer.hpp */ = {isa = PBXFileReference; fileEncoding = 4; lastKnownFileType = sourcecode.cpp.h; path = CBP_Renderer.hpp; sourceTree = "<group>"; };
		E7D2575123A94D3500C2737D /* CBP_SurfaceRenderer.hpp */ = {isa = PBXFileReference; fileEncoding = 4; lastKnownFileType = sourcecode.cpp.h; path = CBP_SurfaceRenderer.hpp; sourceTree = "<group>"; };
		E7D2575223A94D3500C2737D /* CBP_RenderUtility.hpp */ = {isa = PBXFileReference; fileEncoding = 4; lastKnownFileType = sourcecode.cpp.h; path = CBP_RenderUtility.hpp; sourceTree = "<group>"; };
		E7D2575323A94D3500C2737D /* rendering.h */ = {isa = PBXFileReference; fileEncoding = 4; lastKnownFileType = sourcecode.c.h; path = rendering.h; sourceTree = "<group>"; };
		E7D2575423A94D3500C2737D /* CBP_Renderer.cpp */ = {isa = PBXFileReference; fileEncoding = 4; lastKnownFileType = sourcecode.cpp.cpp; path = CBP_Renderer.cpp; sourceTree = "<group>"; };
		E7D2575523A94D3500C2737D /* CBP_SurfaceRenderer.cpp */ = {isa = PBXFileReference; fileEncoding = 4; lastKnownFileType = sourcecode.cpp.cpp; path = CBP_SurfaceRenderer.cpp; sourceTree = "<group>"; };
		E7D2575A23A94D4A00C2737D /* CBP_DeepModel.cpp */ = {isa = PBXFileReference; fileEncoding = 4; lastKnownFileType = sourcecode.cpp.cpp; path = CBP_DeepModel.cpp; sourceTree = "<group>"; };
		E7D2575B23A94D4A00C2737D /* CBP_MLUtility.cpp */ = {isa = PBXFileReference; fileEncoding = 4; lastKnownFileType = sourcecode.cpp.cpp; path = CBP_MLUtility.cpp; sourceTree = "<group>"; };
		E7D2575C23A94D4A00C2737D /* CBP_MLTypes.hpp */ = {isa = PBXFileReference; fileEncoding = 4; lastKnownFileType = sourcecode.cpp.h; path = CBP_MLTypes.hpp; sourceTree = "<group>"; };
		E7D2575D23A94D4A00C2737D /* CBP_FloorFloodFill.cpp */ = {isa = PBXFileReference; fileEncoding = 4; lastKnownFileType = sourcecode.cpp.cpp; path = CBP_FloorFloodFill.cpp; sourceTree = "<group>"; };
		E7D2575E23A94D4B00C2737D /* CBP_FloodFillAlgorithm.cpp */ = {isa = PBXFileReference; fileEncoding = 4; lastKnownFileType = sourcecode.cpp.cpp; path = CBP_FloodFillAlgorithm.cpp; sourceTree = "<group>"; };
		E7D2575F23A94D4B00C2737D /* CBP_SemanticSegmenter.cpp */ = {isa = PBXFileReference; fileEncoding = 4; lastKnownFileType = sourcecode.cpp.cpp; path = CBP_SemanticSegmenter.cpp; sourceTree = "<group>"; };
		E7D2576023A94D4B00C2737D /* CBP_ShadowsEstimator.cpp */ = {isa = PBXFileReference; fileEncoding = 4; lastKnownFileType = sourcecode.cpp.cpp; path = CBP_ShadowsEstimator.cpp; sourceTree = "<group>"; };
		E7D2576123A94D4B00C2737D /* CBP_ImageDBExporter.cpp */ = {isa = PBXFileReference; fileEncoding = 4; lastKnownFileType = sourcecode.cpp.cpp; path = CBP_ImageDBExporter.cpp; sourceTree = "<group>"; };
		E7D2576223A94D4B00C2737D /* CBP_FloorFloodFill.hpp */ = {isa = PBXFileReference; fileEncoding = 4; lastKnownFileType = sourcecode.cpp.h; path = CBP_FloorFloodFill.hpp; sourceTree = "<group>"; };
		E7D2576323A94D4B00C2737D /* CBP_SurfaceNormalsEstimator.hpp */ = {isa = PBXFileReference; fileEncoding = 4; lastKnownFileType = sourcecode.cpp.h; path = CBP_SurfaceNormalsEstimator.hpp; sourceTree = "<group>"; };
		E7D2576423A94D4B00C2737D /* CMakeLists.txt */ = {isa = PBXFileReference; fileEncoding = 4; lastKnownFileType = text; path = CMakeLists.txt; sourceTree = "<group>"; };
		E7D2576523A94D4B00C2737D /* CBP_SemanticSegmenter.hpp */ = {isa = PBXFileReference; fileEncoding = 4; lastKnownFileType = sourcecode.cpp.h; path = CBP_SemanticSegmenter.hpp; sourceTree = "<group>"; };
		E7D2576623A94D4B00C2737D /* CBP_LBDB.h */ = {isa = PBXFileReference; fileEncoding = 4; lastKnownFileType = sourcecode.c.h; path = CBP_LBDB.h; sourceTree = "<group>"; };
		E7D2576723A94D4B00C2737D /* CBP_WallFloodFill.cpp */ = {isa = PBXFileReference; fileEncoding = 4; lastKnownFileType = sourcecode.cpp.cpp; path = CBP_WallFloodFill.cpp; sourceTree = "<group>"; };
		E7D2576823A94D4B00C2737D /* CBP_ImageDBExporter.hpp */ = {isa = PBXFileReference; fileEncoding = 4; lastKnownFileType = sourcecode.cpp.h; path = CBP_ImageDBExporter.hpp; sourceTree = "<group>"; };
		E7D2576923A94D4B00C2737D /* machine-learning.h */ = {isa = PBXFileReference; fileEncoding = 4; lastKnownFileType = sourcecode.c.h; path = "machine-learning.h"; sourceTree = "<group>"; };
		E7D2576A23A94D4B00C2737D /* CBP_FloodFillAlgorithm.hpp */ = {isa = PBXFileReference; fileEncoding = 4; lastKnownFileType = sourcecode.cpp.h; path = CBP_FloodFillAlgorithm.hpp; sourceTree = "<group>"; };
		E7D2576B23A94D4B00C2737D /* CBP_DeepModel.hpp */ = {isa = PBXFileReference; fileEncoding = 4; lastKnownFileType = sourcecode.cpp.h; path = CBP_DeepModel.hpp; sourceTree = "<group>"; };
		E7D2576C23A94D4B00C2737D /* CBP_FloodFillIterator.hpp */ = {isa = PBXFileReference; fileEncoding = 4; lastKnownFileType = sourcecode.cpp.h; path = CBP_FloodFillIterator.hpp; sourceTree = "<group>"; };
		E7D2576D23A94D4B00C2737D /* CBP_ShadowsEstimator.hpp */ = {isa = PBXFileReference; fileEncoding = 4; lastKnownFileType = sourcecode.cpp.h; path = CBP_ShadowsEstimator.hpp; sourceTree = "<group>"; };
		E7D2576E23A94D4B00C2737D /* CBP_WallFloodFill.hpp */ = {isa = PBXFileReference; fileEncoding = 4; lastKnownFileType = sourcecode.cpp.h; path = CBP_WallFloodFill.hpp; sourceTree = "<group>"; };
		E7D2576F23A94D4B00C2737D /* CBP_MLUtility.hpp */ = {isa = PBXFileReference; fileEncoding = 4; lastKnownFileType = sourcecode.cpp.h; path = CBP_MLUtility.hpp; sourceTree = "<group>"; };
		E7D2577023A94D4B00C2737D /* CBP_ElevationEstimator.hpp */ = {isa = PBXFileReference; fileEncoding = 4; lastKnownFileType = sourcecode.cpp.h; path = CBP_ElevationEstimator.hpp; sourceTree = "<group>"; };
		E7D2577123A94D4B00C2737D /* CBP_SurfaceNormalsEstimator.cpp */ = {isa = PBXFileReference; fileEncoding = 4; lastKnownFileType = sourcecode.cpp.cpp; path = CBP_SurfaceNormalsEstimator.cpp; sourceTree = "<group>"; };
		E7D2577223A94D4B00C2737D /* CBP_ElevationEstimator.cpp */ = {isa = PBXFileReference; fileEncoding = 4; lastKnownFileType = sourcecode.cpp.cpp; path = CBP_ElevationEstimator.cpp; sourceTree = "<group>"; };
		E7D2577D23A94D9E00C2737D /* CBAR_Common.cpp */ = {isa = PBXFileReference; fileEncoding = 4; lastKnownFileType = sourcecode.cpp.cpp; path = CBAR_Common.cpp; sourceTree = "<group>"; };
		E7D2577E23A94D9E00C2737D /* CBAR_CallbackI.hpp */ = {isa = PBXFileReference; fileEncoding = 4; lastKnownFileType = sourcecode.cpp.h; path = CBAR_CallbackI.hpp; sourceTree = "<group>"; };
		E7D2577F23A94D9E00C2737D /* CBAR_View.hpp */ = {isa = PBXFileReference; fileEncoding = 4; lastKnownFileType = sourcecode.cpp.h; path = CBAR_View.hpp; sourceTree = "<group>"; };
		E7D2578023A94D9E00C2737D /* CBAR_View.cpp */ = {isa = PBXFileReference; fileEncoding = 4; lastKnownFileType = sourcecode.cpp.cpp; path = CBAR_View.cpp; sourceTree = "<group>"; };
		E7D2578123A94D9E00C2737D /* CBAR_FIFOMap.hpp */ = {isa = PBXFileReference; fileEncoding = 4; lastKnownFileType = sourcecode.cpp.h; path = CBAR_FIFOMap.hpp; sourceTree = "<group>"; };
		E7D2578223A94D9E00C2737D /* CBAR_GLOffscreenRenderer.hpp */ = {isa = PBXFileReference; fileEncoding = 4; lastKnownFileType = sourcecode.cpp.h; path = CBAR_GLOffscreenRenderer.hpp; sourceTree = "<group>"; };
		E7D2578323A94D9E00C2737D /* CBAR_VideoThread.cpp */ = {isa = PBXFileReference; fileEncoding = 4; lastKnownFileType = sourcecode.cpp.cpp; path = CBAR_VideoThread.cpp; sourceTree = "<group>"; };
		E7D2578423A94D9E00C2737D /* CBAR_VideoFrame.hpp */ = {isa = PBXFileReference; fileEncoding = 4; lastKnownFileType = sourcecode.cpp.h; path = CBAR_VideoFrame.hpp; sourceTree = "<group>"; };
		E7D2578523A94D9E00C2737D /* CBAR_Client.hpp */ = {isa = PBXFileReference; fileEncoding = 4; lastKnownFileType = sourcecode.cpp.h; path = CBAR_Client.hpp; sourceTree = "<group>"; };
		E7D2578623A94D9E00C2737D /* CBAR_VideoFrame.cpp */ = {isa = PBXFileReference; fileEncoding = 4; lastKnownFileType = sourcecode.cpp.cpp; path = CBAR_VideoFrame.cpp; sourceTree = "<group>"; };
		E7D2578723A94D9E00C2737D /* CBAR_Common.hpp */ = {isa = PBXFileReference; fileEncoding = 4; lastKnownFileType = sourcecode.cpp.h; path = CBAR_Common.hpp; sourceTree = "<group>"; };
		E7D2578823A94D9F00C2737D /* CMakeLists.txt */ = {isa = PBXFileReference; fileEncoding = 4; lastKnownFileType = text; path = CMakeLists.txt; sourceTree = "<group>"; };
		E7D2578923A94D9F00C2737D /* CBAR_VideoThread.hpp */ = {isa = PBXFileReference; fileEncoding = 4; lastKnownFileType = sourcecode.cpp.h; path = CBAR_VideoThread.hpp; sourceTree = "<group>"; };
		E7D2578A23A94D9F00C2737D /* CBAR_GLOffscreenRenderer.cpp */ = {isa = PBXFileReference; fileEncoding = 4; lastKnownFileType = sourcecode.cpp.cpp; path = CBAR_GLOffscreenRenderer.cpp; sourceTree = "<group>"; };
		E7D2578B23A94D9F00C2737D /* CBAR_CallbackI.cpp */ = {isa = PBXFileReference; fileEncoding = 4; lastKnownFileType = sourcecode.cpp.cpp; path = CBAR_CallbackI.cpp; sourceTree = "<group>"; };
		E7D2579223A94DB900C2737D /* CB_Licensing.h */ = {isa = PBXFileReference; fileEncoding = 4; lastKnownFileType = sourcecode.c.h; path = CB_Licensing.h; sourceTree = "<group>"; };
		E7D2579323A94DB900C2737D /* CB_Types.h */ = {isa = PBXFileReference; fileEncoding = 4; lastKnownFileType = sourcecode.c.h; path = CB_Types.h; sourceTree = "<group>"; };
		E7D2579423A94DB900C2737D /* CMakeLists.txt */ = {isa = PBXFileReference; fileEncoding = 4; lastKnownFileType = text; path = CMakeLists.txt; sourceTree = "<group>"; };
		E7D2579523A94DB900C2737D /* CB_Licensing.cpp */ = {isa = PBXFileReference; fileEncoding = 4; lastKnownFileType = sourcecode.cpp.cpp; path = CB_Licensing.cpp; sourceTree = "<group>"; };
		E7D2579623A94DB900C2737D /* CB_Config.h */ = {isa = PBXFileReference; fileEncoding = 4; lastKnownFileType = sourcecode.c.h; path = CB_Config.h; sourceTree = "<group>"; };
		E7D2579823A94DFA00C2737D /* Drawing.h */ = {isa = PBXFileReference; fileEncoding = 4; lastKnownFileType = sourcecode.c.h; path = Drawing.h; sourceTree = "<group>"; };
		E7D2579923A94DFA00C2737D /* Coloring.cpp */ = {isa = PBXFileReference; fileEncoding = 4; lastKnownFileType = sourcecode.cpp.cpp; path = Coloring.cpp; sourceTree = "<group>"; };
		E7D2579A23A94DFA00C2737D /* ImageProcessing.h */ = {isa = PBXFileReference; fileEncoding = 4; lastKnownFileType = sourcecode.c.h; path = ImageProcessing.h; sourceTree = "<group>"; };
		E7D2579B23A94DFA00C2737D /* BezierCurve.h */ = {isa = PBXFileReference; fileEncoding = 4; lastKnownFileType = sourcecode.c.h; path = BezierCurve.h; sourceTree = "<group>"; };
		E7D2579C23A94DFA00C2737D /* Geometry.cpp */ = {isa = PBXFileReference; fileEncoding = 4; lastKnownFileType = sourcecode.cpp.cpp; path = Geometry.cpp; sourceTree = "<group>"; };
		E7D2579D23A94DFA00C2737D /* CMakeLists.txt */ = {isa = PBXFileReference; fileEncoding = 4; lastKnownFileType = text; path = CMakeLists.txt; sourceTree = "<group>"; };
		E7D2579E23A94DFA00C2737D /* Imaging.h */ = {isa = PBXFileReference; fileEncoding = 4; lastKnownFileType = sourcecode.c.h; path = Imaging.h; sourceTree = "<group>"; };
		E7D2579F23A94DFA00C2737D /* LineSegment.hpp */ = {isa = PBXFileReference; fileEncoding = 4; lastKnownFileType = sourcecode.cpp.h; path = LineSegment.hpp; sourceTree = "<group>"; };
		E7D257A023A94DFA00C2737D /* Accelerated.h */ = {isa = PBXFileReference; fileEncoding = 4; lastKnownFileType = sourcecode.c.h; path = Accelerated.h; sourceTree = "<group>"; };
		E7D257A123A94DFB00C2737D /* RansacPlane.h */ = {isa = PBXFileReference; fileEncoding = 4; lastKnownFileType = sourcecode.c.h; path = RansacPlane.h; sourceTree = "<group>"; };
		E7D257A223A94DFB00C2737D /* BezierCurve.cpp */ = {isa = PBXFileReference; fileEncoding = 4; lastKnownFileType = sourcecode.cpp.cpp; path = BezierCurve.cpp; sourceTree = "<group>"; };
		E7D257A323A94DFB00C2737D /* ImageProcessing.cpp */ = {isa = PBXFileReference; fileEncoding = 4; lastKnownFileType = sourcecode.cpp.cpp; path = ImageProcessing.cpp; sourceTree = "<group>"; };
		E7D257A423A94DFB00C2737D /* LineProcessing.cpp */ = {isa = PBXFileReference; fileEncoding = 4; lastKnownFileType = sourcecode.cpp.cpp; path = LineProcessing.cpp; sourceTree = "<group>"; };
		E7D257A523A94DFB00C2737D /* Coloring.h */ = {isa = PBXFileReference; fileEncoding = 4; lastKnownFileType = sourcecode.c.h; path = Coloring.h; sourceTree = "<group>"; };
		E7D257A623A94DFB00C2737D /* LineProcessing.h */ = {isa = PBXFileReference; fileEncoding = 4; lastKnownFileType = sourcecode.c.h; path = LineProcessing.h; sourceTree = "<group>"; };
		E7D257A723A94DFB00C2737D /* Geometry.h */ = {isa = PBXFileReference; fileEncoding = 4; lastKnownFileType = sourcecode.c.h; path = Geometry.h; sourceTree = "<group>"; };
		E7D257A823A94DFB00C2737D /* FloodFill.hpp */ = {isa = PBXFileReference; fileEncoding = 4; lastKnownFileType = sourcecode.cpp.h; path = FloodFill.hpp; sourceTree = "<group>"; };
		E7D257A923A94DFB00C2737D /* Imaging.cpp */ = {isa = PBXFileReference; fileEncoding = 4; lastKnownFileType = sourcecode.cpp.cpp; path = Imaging.cpp; sourceTree = "<group>"; };
		E7D257AA23A94DFB00C2737D /* LineSegment.cpp */ = {isa = PBXFileReference; fileEncoding = 4; lastKnownFileType = sourcecode.cpp.cpp; path = LineSegment.cpp; sourceTree = "<group>"; };
		E7D257AB23A94DFB00C2737D /* ImageDefines.h */ = {isa = PBXFileReference; fileEncoding = 4; lastKnownFileType = sourcecode.c.h; path = ImageDefines.h; sourceTree = "<group>"; };
		E7D257AC23A94DFB00C2737D /* Accelerated.cpp */ = {isa = PBXFileReference; fileEncoding = 4; lastKnownFileType = sourcecode.cpp.cpp; path = Accelerated.cpp; sourceTree = "<group>"; };
		E7D257AD23A94DFB00C2737D /* RansacPlane.cpp */ = {isa = PBXFileReference; fileEncoding = 4; lastKnownFileType = sourcecode.cpp.cpp; path = RansacPlane.cpp; sourceTree = "<group>"; };
		E7D257AE23A94DFB00C2737D /* FloodFill.cpp */ = {isa = PBXFileReference; fileEncoding = 4; lastKnownFileType = sourcecode.cpp.cpp; path = FloodFill.cpp; sourceTree = "<group>"; };
		E7D257AF23A94DFB00C2737D /* Drawing.cpp */ = {isa = PBXFileReference; fileEncoding = 4; lastKnownFileType = sourcecode.cpp.cpp; path = Drawing.cpp; sourceTree = "<group>"; };
		E7D257BB23A94E1600C2737D /* JSONHelper.cpp */ = {isa = PBXFileReference; fileEncoding = 4; lastKnownFileType = sourcecode.cpp.cpp; path = JSONHelper.cpp; sourceTree = "<group>"; };
		E7D257BC23A94E1600C2737D /* JSONHelper.h */ = {isa = PBXFileReference; fileEncoding = 4; lastKnownFileType = sourcecode.c.h; path = JSONHelper.h; sourceTree = "<group>"; };
		E7D257BD23A94E1600C2737D /* CMakeLists.txt */ = {isa = PBXFileReference; fileEncoding = 4; lastKnownFileType = text; path = CMakeLists.txt; sourceTree = "<group>"; };
		E7D257BE23A94E1600C2737D /* Directory.h */ = {isa = PBXFileReference; fileEncoding = 4; lastKnownFileType = sourcecode.c.h; path = Directory.h; sourceTree = "<group>"; };
		E7D257BF23A94E1600C2737D /* Diagnostics.h */ = {isa = PBXFileReference; fileEncoding = 4; lastKnownFileType = sourcecode.c.h; path = Diagnostics.h; sourceTree = "<group>"; };
		E7D257C023A94E1600C2737D /* CommonUtility.h */ = {isa = PBXFileReference; fileEncoding = 4; lastKnownFileType = sourcecode.c.h; path = CommonUtility.h; sourceTree = "<group>"; };
		E7D257C123A94E1600C2737D /* ShaderUtilities.cpp */ = {isa = PBXFileReference; fileEncoding = 4; lastKnownFileType = sourcecode.cpp.cpp; path = ShaderUtilities.cpp; sourceTree = "<group>"; };
		E7D257C223A94E1600C2737D /* Diagnostics.cpp */ = {isa = PBXFileReference; fileEncoding = 4; lastKnownFileType = sourcecode.cpp.cpp; path = Diagnostics.cpp; sourceTree = "<group>"; };
		E7D257C323A94E1600C2737D /* Directory.cpp */ = {isa = PBXFileReference; fileEncoding = 4; lastKnownFileType = sourcecode.cpp.cpp; path = Directory.cpp; sourceTree = "<group>"; };
		E7D257C423A94E1600C2737D /* CommonUtility.cpp */ = {isa = PBXFileReference; fileEncoding = 4; lastKnownFileType = sourcecode.cpp.cpp; path = CommonUtility.cpp; sourceTree = "<group>"; };
		E7D257C523A94E1600C2737D /* Threads.cpp */ = {isa = PBXFileReference; fileEncoding = 4; lastKnownFileType = sourcecode.cpp.cpp; path = Threads.cpp; sourceTree = "<group>"; };
		E7D257C623A94E1600C2737D /* Threads.h */ = {isa = PBXFileReference; fileEncoding = 4; lastKnownFileType = sourcecode.c.h; path = Threads.h; sourceTree = "<group>"; };
		E7D257C723A94E1600C2737D /* ShaderUtilities.h */ = {isa = PBXFileReference; fileEncoding = 4; lastKnownFileType = sourcecode.c.h; path = ShaderUtilities.h; sourceTree = "<group>"; };
		E7D257D023A94E3200C2737D /* lfu_cache_policy.hpp */ = {isa = PBXFileReference; fileEncoding = 4; lastKnownFileType = sourcecode.cpp.h; path = lfu_cache_policy.hpp; sourceTree = "<group>"; };
		E7D257D123A94E3200C2737D /* cache.hpp */ = {isa = PBXFileReference; fileEncoding = 4; lastKnownFileType = sourcecode.cpp.h; path = cache.hpp; sourceTree = "<group>"; };
		E7D257D223A94E3200C2737D /* fifo_cache_policy.hpp */ = {isa = PBXFileReference; fileEncoding = 4; lastKnownFileType = sourcecode.cpp.h; path = fifo_cache_policy.hpp; sourceTree = "<group>"; };
		E7D257D323A94E3200C2737D /* lru_cache_policy.hpp */ = {isa = PBXFileReference; fileEncoding = 4; lastKnownFileType = sourcecode.cpp.h; path = lru_cache_policy.hpp; sourceTree = "<group>"; };
		E7D257D423A94E3200C2737D /* cache_policy.hpp */ = {isa = PBXFileReference; fileEncoding = 4; lastKnownFileType = sourcecode.cpp.h; path = cache_policy.hpp; sourceTree = "<group>"; };
		E7EA1E331FD7622C00B3DE54 /* libCambrian.a */ = {isa = PBXFileReference; explicitFileType = archive.ar; includeInIndex = 0; path = libCambrian.a; sourceTree = BUILT_PRODUCTS_DIR; };
		E7EA1E5C1FD7632200B3DE54 /* libopencv2.a */ = {isa = PBXFileReference; lastKnownFileType = archive.ar; name = libopencv2.a; path = "../../prebuilts/opencv/opencv-ios/lib/libopencv2.a"; sourceTree = "<group>"; };
		E7EA1E671FD7655500B3DE54 /* liblzma.a */ = {isa = PBXFileReference; lastKnownFileType = archive.ar; name = liblzma.a; path = ../../prebuilts/liblzma/lib/ios/liblzma.a; sourceTree = "<group>"; };
		E7EA1E691FD7663500B3DE54 /* libbz2.tbd */ = {isa = PBXFileReference; lastKnownFileType = "sourcecode.text-based-dylib-definition"; name = libbz2.tbd; path = usr/lib/libbz2.tbd; sourceTree = SDKROOT; };
		E7EA1F451FD7686800B3DE54 /* libbxRelease.a */ = {isa = PBXFileReference; lastKnownFileType = archive.ar; name = libbxRelease.a; path = ../../prebuilts/bgfx/lib/ios/libbxRelease.a; sourceTree = "<group>"; };
		E7EA1F461FD7686800B3DE54 /* libbgfxRelease.a */ = {isa = PBXFileReference; lastKnownFileType = archive.ar; name = libbgfxRelease.a; path = ../../prebuilts/bgfx/lib/ios/libbgfxRelease.a; sourceTree = "<group>"; };
		E7EA1F521FD82FC800B3DE54 /* libjsoncpp.a */ = {isa = PBXFileReference; lastKnownFileType = archive.ar; name = libjsoncpp.a; path = ../../prebuilts/jsoncpp/ios/lib/libjsoncpp.a; sourceTree = "<group>"; };
/* End PBXFileReference section */

/* Begin PBXFrameworksBuildPhase section */
		E7EA1E301FD7622C00B3DE54 /* Frameworks */ = {
			isa = PBXFrameworksBuildPhase;
			buildActionMask = 2147483647;
			files = (
				E7B42AFF22F4AE2B00F48597 /* libjsoncpp.a in Frameworks */,
				E7B42AFD22F4ADFC00F48597 /* liblzma.a in Frameworks */,
				E7B42AFB22F4ADE400F48597 /* libopencv2.a in Frameworks */,
			);
			runOnlyForDeploymentPostprocessing = 0;
		};
/* End PBXFrameworksBuildPhase section */

/* Begin PBXGroup section */
		E7B428CC22F4AB0800F48597 /* utility */ = {
			isa = PBXGroup;
			children = (
				E7D257CF23A94E3200C2737D /* cache */,
				E7D257BD23A94E1600C2737D /* CMakeLists.txt */,
				E7D257C423A94E1600C2737D /* CommonUtility.cpp */,
				E7D257C023A94E1600C2737D /* CommonUtility.h */,
				E7D257C223A94E1600C2737D /* Diagnostics.cpp */,
				E7D257BF23A94E1600C2737D /* Diagnostics.h */,
				E7D257C323A94E1600C2737D /* Directory.cpp */,
				E7D257BE23A94E1600C2737D /* Directory.h */,
				E7D257BB23A94E1600C2737D /* JSONHelper.cpp */,
				E7D257BC23A94E1600C2737D /* JSONHelper.h */,
				E7D257C123A94E1600C2737D /* ShaderUtilities.cpp */,
				E7D257C723A94E1600C2737D /* ShaderUtilities.h */,
				E7D257C523A94E1600C2737D /* Threads.cpp */,
				E7D257C623A94E1600C2737D /* Threads.h */,
			);
			path = utility;
			sourceTree = "<group>";
		};
		E7B428E022F4AB0800F48597 /* imaging */ = {
			isa = PBXGroup;
			children = (
				E7D2579D23A94DFA00C2737D /* CMakeLists.txt */,
				E7D257AC23A94DFB00C2737D /* Accelerated.cpp */,
				E7D257A023A94DFA00C2737D /* Accelerated.h */,
				E7D257A223A94DFB00C2737D /* BezierCurve.cpp */,
				E7D2579B23A94DFA00C2737D /* BezierCurve.h */,
				E7D2579923A94DFA00C2737D /* Coloring.cpp */,
				E7D257A523A94DFB00C2737D /* Coloring.h */,
				E7D257AF23A94DFB00C2737D /* Drawing.cpp */,
				E7D2579823A94DFA00C2737D /* Drawing.h */,
				E7D257AE23A94DFB00C2737D /* FloodFill.cpp */,
				E7D257A823A94DFB00C2737D /* FloodFill.hpp */,
				E7D2579C23A94DFA00C2737D /* Geometry.cpp */,
				E7D257A723A94DFB00C2737D /* Geometry.h */,
				E7D257AB23A94DFB00C2737D /* ImageDefines.h */,
				E7D257A323A94DFB00C2737D /* ImageProcessing.cpp */,
				E7D2579A23A94DFA00C2737D /* ImageProcessing.h */,
				E7D257A923A94DFB00C2737D /* Imaging.cpp */,
				E7D2579E23A94DFA00C2737D /* Imaging.h */,
				E7D257A423A94DFB00C2737D /* LineProcessing.cpp */,
				E7D257A623A94DFB00C2737D /* LineProcessing.h */,
				E7D257AA23A94DFB00C2737D /* LineSegment.cpp */,
				E7D2579F23A94DFA00C2737D /* LineSegment.hpp */,
				E7D257AD23A94DFB00C2737D /* RansacPlane.cpp */,
				E7D257A123A94DFB00C2737D /* RansacPlane.h */,
			);
			path = imaging;
			sourceTree = "<group>";
		};
		E7B428FB22F4AB0800F48597 /* cbar */ = {
			isa = PBXGroup;
			children = (
				E7B428FD22F4AB0800F48597 /* pipeline */,
				E7B4296E22F4AB0800F48597 /* scene */,
				E7D2578823A94D9F00C2737D /* CMakeLists.txt */,
				E7D2578B23A94D9F00C2737D /* CBAR_CallbackI.cpp */,
				E7D2577E23A94D9E00C2737D /* CBAR_CallbackI.hpp */,
				E7D2578523A94D9E00C2737D /* CBAR_Client.hpp */,
				E7D2577D23A94D9E00C2737D /* CBAR_Common.cpp */,
				E7D2578723A94D9E00C2737D /* CBAR_Common.hpp */,
				E7D2578123A94D9E00C2737D /* CBAR_FIFOMap.hpp */,
				E7D2578A23A94D9F00C2737D /* CBAR_GLOffscreenRenderer.cpp */,
				E7D2578223A94D9E00C2737D /* CBAR_GLOffscreenRenderer.hpp */,
				E7D2578623A94D9E00C2737D /* CBAR_VideoFrame.cpp */,
				E7D2578423A94D9E00C2737D /* CBAR_VideoFrame.hpp */,
				E7D2578323A94D9E00C2737D /* CBAR_VideoThread.cpp */,
				E7D2578923A94D9F00C2737D /* CBAR_VideoThread.hpp */,
				E7D2578023A94D9E00C2737D /* CBAR_View.cpp */,
				E7D2577F23A94D9E00C2737D /* CBAR_View.hpp */,
			);
			path = cbar;
			sourceTree = "<group>";
		};
		E7B428FD22F4AB0800F48597 /* pipeline */ = {
			isa = PBXGroup;
			children = (
				E7B428FE22F4AB0800F48597 /* CMakeLists.txt */,
				E7B4293B22F4AB0800F48597 /* pipeline.h */,
				E7B4293A22F4AB0800F48597 /* CBP_Types.hpp */,
				E7B428FF22F4AB0800F48597 /* analysis */,
				E7B4292C22F4AB0800F48597 /* util */,
				E7B4293522F4AB0800F48597 /* motion */,
				E7B4293C22F4AB0800F48597 /* rendering */,
				E7B4294722F4AB0800F48597 /* machine-learning */,
			);
			path = pipeline;
			sourceTree = "<group>";
		};
		E7B428FF22F4AB0800F48597 /* analysis */ = {
			isa = PBXGroup;
			children = (
				E7D2572423A94D0000C2737D /* analysis.h */,
				E7D2571123A94CFF00C2737D /* CBP_AmbienceSampler.cpp */,
				E7D2570C23A94CFF00C2737D /* CBP_AmbienceSampler.hpp */,
				E7D2571C23A94D0000C2737D /* CBP_AnalysisTypes.hpp */,
				E7D2570A23A94CFF00C2737D /* CBP_AnalysisUtil.cpp */,
				E7D2570323A94CFF00C2737D /* CBP_AnalysisUtil.hpp */,
				E7D2571523A94CFF00C2737D /* CBP_Analyzer.cpp */,
				E7D2572823A94D0100C2737D /* CBP_Analyzer.hpp */,
				E7D2571A23A94D0000C2737D /* CBP_AreaAnalyzer.cpp */,
				E7D2572123A94D0000C2737D /* CBP_AreaAnalyzer.hpp */,
				E7D2571B23A94D0000C2737D /* CBP_ColorFinder.cpp */,
				E7D2571723A94D0000C2737D /* CBP_ColorFinder.hpp */,
				E7D2571023A94CFF00C2737D /* CBP_DualRangeAccumulator.cpp */,
				E7D2570423A94CFF00C2737D /* CBP_DualRangeAccumulator.hpp */,
				E7D2572623A94D0000C2737D /* CBP_ElevationAnalyzer.cpp */,
				E7D2570223A94CFF00C2737D /* CBP_ElevationAnalyzer.hpp */,
				E7D2572323A94D0000C2737D /* CBP_FloorSegmenter.cpp */,
				E7D2570523A94CFF00C2737D /* CBP_FloorSegmenter.hpp */,
				E7D2572A23A94D0100C2737D /* CBP_GroundSurfaceAnalyzer.cpp */,
				E7D2571623A94CFF00C2737D /* CBP_GroundSurfaceAnalyzer.hpp */,
				E7D2572523A94D0000C2737D /* CBP_LargeImage.cpp */,
				E7D2570123A94CFF00C2737D /* CBP_LargeImage.hpp */,
				E7D2572B23A94D0100C2737D /* CBP_LineFinder.cpp */,
				E7D2572723A94D0000C2737D /* CBP_LineFinder.hpp */,
				E7D2572923A94D0100C2737D /* CBP_NormalsAnalyzer.cpp */,
				E7D2570623A94CFF00C2737D /* CBP_NormalsAnalyzer.hpp */,
				E7D2570723A94CFF00C2737D /* CBP_PlaneAnalyzer.cpp */,
				E7D2570923A94CFF00C2737D /* CBP_PlaneAnalyzer.hpp */,
				E7D2570B23A94CFF00C2737D /* CBP_PlaneRansac.cpp */,
				E7D2571F23A94D0000C2737D /* CBP_PlaneRansac.hpp */,
				E7D2571D23A94D0000C2737D /* CBP_Segmenter.hpp */,
				E7D2571823A94D0000C2737D /* CBP_SemanticAnalyzer.cpp */,
				E7D2572C23A94D0100C2737D /* CBP_SemanticAnalyzer.hpp */,
				E7D2571423A94CFF00C2737D /* CBP_ShadowsAnalyzer.cpp */,
				E7D2571E23A94D0000C2737D /* CBP_ShadowsAnalyzer.hpp */,
				E7D2572023A94D0000C2737D /* CBP_SurfaceAccumulator.cpp */,
				E7D2571223A94CFF00C2737D /* CBP_SurfaceAccumulator.hpp */,
				E7D2570823A94CFF00C2737D /* CBP_SurfaceAnalyzer.cpp */,
				E7D2572223A94D0000C2737D /* CBP_SurfaceAnalyzer.hpp */,
				E7D2570D23A94CFF00C2737D /* CBP_WallFinder.cpp */,
				E7D2570E23A94CFF00C2737D /* CBP_WallFinder.hpp */,
				E7D2571923A94D0000C2737D /* CBP_WallSegmenter.cpp */,
				E7D2570F23A94CFF00C2737D /* CBP_WallSegmenter.hpp */,
				E7D2571323A94CFF00C2737D /* CMakeLists.txt */,
			);
			path = analysis;
			sourceTree = "<group>";
		};
		E7B4292C22F4AB0800F48597 /* util */ = {
			isa = PBXGroup;
			children = (
				E7D2574623A94D1F00C2737D /* CBP_MatrixUtil.cpp */,
				E7D2574123A94D1F00C2737D /* CBP_MatrixUtil.hpp */,
				E7D2574423A94D1F00C2737D /* CBP_MeshUtil.cpp */,
				E7D2574723A94D1F00C2737D /* CBP_MeshUtil.hpp */,
				E7D2574523A94D1F00C2737D /* CBP_Triangulator.cpp */,
				E7D2574823A94D1F00C2737D /* CBP_Triangulator.hpp */,
				E7D2574323A94D1F00C2737D /* CMakeLists.txt */,
				E7D2574223A94D1F00C2737D /* util.h */,
			);
			path = util;
			sourceTree = "<group>";
		};
		E7B4293522F4AB0800F48597 /* motion */ = {
			isa = PBXGroup;
			children = (
				E7B4293622F4AB0800F48597 /* CMakeLists.txt */,
				E7B4293822F4AB0800F48597 /* motion.h */,
				E7B4293722F4AB0800F48597 /* CBP_FeatureTracker.hpp */,
				E7B4293922F4AB0800F48597 /* CBP_FeatureTracker.cpp */,
			);
			path = motion;
			sourceTree = "<group>";
		};
		E7B4293C22F4AB0800F48597 /* rendering */ = {
			isa = PBXGroup;
			children = (
				E7D2574F23A94D3400C2737D /* CMakeLists.txt */,
				E7D2575323A94D3500C2737D /* rendering.h */,
				E7D2575423A94D3500C2737D /* CBP_Renderer.cpp */,
				E7D2575023A94D3500C2737D /* CBP_Renderer.hpp */,
				E7D2574D23A94D3400C2737D /* CBP_RenderingEngine.cpp */,
				E7D2574C23A94D3400C2737D /* CBP_RenderingEngine.hpp */,
				E7D2574E23A94D3400C2737D /* CBP_RenderUtility.cpp */,
				E7D2575223A94D3500C2737D /* CBP_RenderUtility.hpp */,
				E7D2575523A94D3500C2737D /* CBP_SurfaceRenderer.cpp */,
				E7D2575123A94D3500C2737D /* CBP_SurfaceRenderer.hpp */,
			);
			path = rendering;
			sourceTree = "<group>";
		};
		E7B4294722F4AB0800F48597 /* machine-learning */ = {
			isa = PBXGroup;
			children = (
				E7D2576423A94D4B00C2737D /* CMakeLists.txt */,
				E7D2576923A94D4B00C2737D /* machine-learning.h */,
				E7D2575A23A94D4A00C2737D /* CBP_DeepModel.cpp */,
				E7D2576B23A94D4B00C2737D /* CBP_DeepModel.hpp */,
				E7D2577223A94D4B00C2737D /* CBP_ElevationEstimator.cpp */,
				E7D2577023A94D4B00C2737D /* CBP_ElevationEstimator.hpp */,
				E7D2575E23A94D4B00C2737D /* CBP_FloodFillAlgorithm.cpp */,
				E7D2576A23A94D4B00C2737D /* CBP_FloodFillAlgorithm.hpp */,
				E7D2576C23A94D4B00C2737D /* CBP_FloodFillIterator.hpp */,
				E7D2575D23A94D4A00C2737D /* CBP_FloorFloodFill.cpp */,
				E7D2576223A94D4B00C2737D /* CBP_FloorFloodFill.hpp */,
				E7D2576123A94D4B00C2737D /* CBP_ImageDBExporter.cpp */,
				E7D2576823A94D4B00C2737D /* CBP_ImageDBExporter.hpp */,
				E7D2576623A94D4B00C2737D /* CBP_LBDB.h */,
				E7D2575C23A94D4A00C2737D /* CBP_MLTypes.hpp */,
				E7D2575B23A94D4A00C2737D /* CBP_MLUtility.cpp */,
				E7D2576F23A94D4B00C2737D /* CBP_MLUtility.hpp */,
				E7D2575F23A94D4B00C2737D /* CBP_SemanticSegmenter.cpp */,
				E7D2576523A94D4B00C2737D /* CBP_SemanticSegmenter.hpp */,
				E7D2576023A94D4B00C2737D /* CBP_ShadowsEstimator.cpp */,
				E7D2576D23A94D4B00C2737D /* CBP_ShadowsEstimator.hpp */,
				E7D2577123A94D4B00C2737D /* CBP_SurfaceNormalsEstimator.cpp */,
				E7D2576323A94D4B00C2737D /* CBP_SurfaceNormalsEstimator.hpp */,
				E7D2576723A94D4B00C2737D /* CBP_WallFloodFill.cpp */,
				E7D2576E23A94D4B00C2737D /* CBP_WallFloodFill.hpp */,
			);
			path = "machine-learning";
			sourceTree = "<group>";
		};
		E7B4296E22F4AB0800F48597 /* scene */ = {
			isa = PBXGroup;
			children = (
				E7B4296F22F4AB0800F48597 /* CBAR_Floor.cpp */,
				E7B4297022F4AB0800F48597 /* CBAR_Model.hpp */,
				E7B4297122F4AB0800F48597 /* CMakeLists.txt */,
				E7B4297222F4AB0800F48597 /* CBAR_Paint.hpp */,
				E7B4297322F4AB0800F48597 /* CBAR_RemodelingScene.hpp */,
				E7B4297422F4AB0800F48597 /* CBAR_Scene.cpp */,
				E7B4297522F4AB0800F48597 /* CBAR_Asset.cpp */,
				E7B4297622F4AB0800F48597 /* CBAR_SurfaceAsset.hpp */,
				E7B4297722F4AB0800F48597 /* CBAR_RemodelingScene.cpp */,
				E7B4297822F4AB0800F48597 /* CBAR_Scene.hpp */,
				E7B4297922F4AB0800F48597 /* CBAR_Asset.hpp */,
				E7B4297A22F4AB0800F48597 /* CBAR_SurfaceAsset.cpp */,
				E7B4297B22F4AB0800F48597 /* CBAR_Floor.hpp */,
				E7B4297C22F4AB0800F48597 /* CBAR_Model.cpp */,
				E7B4297D22F4AB0800F48597 /* CBAR_Paint.cpp */,
				E7B4297E22F4AB0800F48597 /* scene.h */,
			);
			path = scene;
			sourceTree = "<group>";
		};
		E7B4298022F4AB0800F48597 /* cbcommon */ = {
			isa = PBXGroup;
			children = (
				E7D2579623A94DB900C2737D /* CB_Config.h */,
				E7D2579523A94DB900C2737D /* CB_Licensing.cpp */,
				E7D2579223A94DB900C2737D /* CB_Licensing.h */,
				E7D2579323A94DB900C2737D /* CB_Types.h */,
				E7D2579423A94DB900C2737D /* CMakeLists.txt */,
			);
			path = cbcommon;
			sourceTree = "<group>";
		};
		E7B429CD22F4AB3500F48597 /* third_party */ = {
			isa = PBXGroup;
			children = (
				E7B429CE22F4AB3500F48597 /* CMakeLists.txt */,
				E7B42A7522F4AB3500F48597 /* triangle */,
				E7B42A9422F4AB3600F48597 /* poly2tri */,
			);
			path = third_party;
			sourceTree = "<group>";
		};
		E7B42A7522F4AB3500F48597 /* triangle */ = {
			isa = PBXGroup;
			children = (
				E7B42A7622F4AB3500F48597 /* triangle.cpp */,
				E7B42A7722F4AB3600F48597 /* triangle.h */,
			);
			path = triangle;
			sourceTree = "<group>";
		};
		E7B42A9422F4AB3600F48597 /* poly2tri */ = {
			isa = PBXGroup;
			children = (
				E7B42A9522F4AB3600F48597 /* poly2tri.h */,
				E7B42A9622F4AB3600F48597 /* common */,
				E7B42A9A22F4AB3600F48597 /* sweep */,
			);
			path = poly2tri;
			sourceTree = "<group>";
		};
		E7B42A9622F4AB3600F48597 /* common */ = {
			isa = PBXGroup;
			children = (
				E7B42A9722F4AB3600F48597 /* utils.h */,
				E7B42A9822F4AB3600F48597 /* shapes.cc */,
				E7B42A9922F4AB3600F48597 /* shapes.h */,
			);
			path = common;
			sourceTree = "<group>";
		};
		E7B42A9A22F4AB3600F48597 /* sweep */ = {
			isa = PBXGroup;
			children = (
				E7B42A9B22F4AB3600F48597 /* sweep.cc */,
				E7B42A9C22F4AB3600F48597 /* sweep_context.cc */,
				E7B42A9D22F4AB3600F48597 /* cdt.cc */,
				E7B42A9E22F4AB3600F48597 /* advancing_front.h */,
				E7B42A9F22F4AB3600F48597 /* advancing_front.cc */,
				E7B42AA022F4AB3600F48597 /* sweep.h */,
				E7B42AA122F4AB3600F48597 /* sweep_context.h */,
				E7B42AA222F4AB3600F48597 /* cdt.h */,
			);
			path = sweep;
			sourceTree = "<group>";
		};
		E7D257CF23A94E3200C2737D /* cache */ = {
			isa = PBXGroup;
			children = (
				E7D257D023A94E3200C2737D /* lfu_cache_policy.hpp */,
				E7D257D123A94E3200C2737D /* cache.hpp */,
				E7D257D223A94E3200C2737D /* fifo_cache_policy.hpp */,
				E7D257D323A94E3200C2737D /* lru_cache_policy.hpp */,
				E7D257D423A94E3200C2737D /* cache_policy.hpp */,
			);
			path = cache;
			sourceTree = "<group>";
		};
		E7EA1E2A1FD7622C00B3DE54 = {
			isa = PBXGroup;
			children = (
				E7B429CC22F4AB1C00F48597 /* cambrian.h */,
				E7B428FB22F4AB0800F48597 /* cbar */,
				E7B4298022F4AB0800F48597 /* cbcommon */,
				E7B428E022F4AB0800F48597 /* imaging */,
				E7B428CC22F4AB0800F48597 /* utility */,
				E7B429CD22F4AB3500F48597 /* third_party */,
				E7EA1E341FD7622C00B3DE54 /* Products */,
				E7EA1E5B1FD7632200B3DE54 /* Frameworks */,
			);
			sourceTree = "<group>";
		};
		E7EA1E341FD7622C00B3DE54 /* Products */ = {
			isa = PBXGroup;
			children = (
				E7EA1E331FD7622C00B3DE54 /* libCambrian.a */,
			);
			name = Products;
			sourceTree = "<group>";
		};
		E7EA1E5B1FD7632200B3DE54 /* Frameworks */ = {
			isa = PBXGroup;
			children = (
				E7B42AFE22F4AE2B00F48597 /* libjsoncpp.a */,
				E7B42AFC22F4ADFC00F48597 /* liblzma.a */,
				E7B42AFA22F4ADE400F48597 /* libopencv2.a */,
				E758B6BD206200C200742F40 /* nsync.a */,
				E7B42AF822F4ADBC00F48597 /* nsync.a */,
				E72836F32061F28900A3FB31 /* libprotobuf.a */,
				E72836F12061F25B00A3FB31 /* libprotobuf-lite.a */,
				E72836EF2061F23700A3FB31 /* libtensorflow-core.a */,
				E72BEC27200EBECE0037F832 /* libopencv2.a */,
				E72BEC25200EBEAF0037F832 /* liblzma.a */,
				E72BEC23200EBE650037F832 /* libjsoncpp.a */,
				E72BEC1F200EBE310037F832 /* libbgfxRelease.a */,
				E72BEC20200EBE310037F832 /* libbxRelease.a */,
				E7EA1F521FD82FC800B3DE54 /* libjsoncpp.a */,
				E7EA1F461FD7686800B3DE54 /* libbgfxRelease.a */,
				E7EA1F451FD7686800B3DE54 /* libbxRelease.a */,
				E7EA1E691FD7663500B3DE54 /* libbz2.tbd */,
				E7EA1E671FD7655500B3DE54 /* liblzma.a */,
				E7EA1E5C1FD7632200B3DE54 /* libopencv2.a */,
			);
			name = Frameworks;
			sourceTree = "<group>";
		};
/* End PBXGroup section */

/* Begin PBXNativeTarget section */
		E7EA1E321FD7622C00B3DE54 /* Cambrian */ = {
			isa = PBXNativeTarget;
			buildConfigurationList = E7EA1E3C1FD7622C00B3DE54 /* Build configuration list for PBXNativeTarget "Cambrian" */;
			buildPhases = (
				E7EA1E2F1FD7622C00B3DE54 /* Sources */,
				E7EA1E301FD7622C00B3DE54 /* Frameworks */,
				E7EA1E311FD7622C00B3DE54 /* CopyFiles */,
			);
			buildRules = (
			);
			dependencies = (
			);
			name = Cambrian;
			productName = Cambrian;
			productReference = E7EA1E331FD7622C00B3DE54 /* libCambrian.a */;
			productType = "com.apple.product-type.library.static";
		};
/* End PBXNativeTarget section */

/* Begin PBXProject section */
		E7EA1E2B1FD7622C00B3DE54 /* Project object */ = {
			isa = PBXProject;
			attributes = {
				LastUpgradeCheck = 0910;
				ORGANIZATIONNAME = "Joel Teply";
				TargetAttributes = {
					E7EA1E321FD7622C00B3DE54 = {
						CreatedOnToolsVersion = 9.1;
						ProvisioningStyle = Automatic;
					};
				};
			};
			buildConfigurationList = E7EA1E2E1FD7622C00B3DE54 /* Build configuration list for PBXProject "libCambrian" */;
			compatibilityVersion = "Xcode 8.0";
			developmentRegion = en;
			hasScannedForEncodings = 0;
			knownRegions = (
				en,
			);
			mainGroup = E7EA1E2A1FD7622C00B3DE54;
			productRefGroup = E7EA1E341FD7622C00B3DE54 /* Products */;
			projectDirPath = "";
			projectRoot = "";
			targets = (
				E7EA1E321FD7622C00B3DE54 /* Cambrian */,
			);
		};
/* End PBXProject section */

/* Begin PBXSourcesBuildPhase section */
		E7EA1E2F1FD7622C00B3DE54 /* Sources */ = {
			isa = PBXSourcesBuildPhase;
			buildActionMask = 2147483647;
			files = (
				E7B429C622F4AB0800F48597 /* CBAR_Asset.cpp in Sources */,
				E7D2573E23A94D0100C2737D /* CBP_NormalsAnalyzer.cpp in Sources */,
				E7D2573F23A94D0100C2737D /* CBP_GroundSurfaceAnalyzer.cpp in Sources */,
				E7D2579723A94DB900C2737D /* CB_Licensing.cpp in Sources */,
				E7D2573323A94D0100C2737D /* CBP_AmbienceSampler.cpp in Sources */,
				E7B429C722F4AB0800F48597 /* CBAR_RemodelingScene.cpp in Sources */,
				E7B429B022F4AB0800F48597 /* CBP_FeatureTracker.cpp in Sources */,
				E7D2574B23A94D1F00C2737D /* CBP_MatrixUtil.cpp in Sources */,
				E7B42AF722F4AB3600F48597 /* advancing_front.cc in Sources */,
				E7D2573423A94D0100C2737D /* CBP_ShadowsAnalyzer.cpp in Sources */,
				E7D2573223A94D0100C2737D /* CBP_DualRangeAccumulator.cpp in Sources */,
				E7D2577723A94D4B00C2737D /* CBP_SemanticSegmenter.cpp in Sources */,
				E7D2573A23A94D0100C2737D /* CBP_SurfaceAccumulator.cpp in Sources */,
				E7B429C422F4AB0800F48597 /* CBAR_Floor.cpp in Sources */,
				E7B42AF322F4AB3600F48597 /* shapes.cc in Sources */,
				E7B42AE622F4AB3600F48597 /* triangle.cpp in Sources */,
				E7D2573023A94D0100C2737D /* CBP_PlaneRansac.cpp in Sources */,
				E7B42AF522F4AB3600F48597 /* sweep_context.cc in Sources */,
				E7D257CC23A94E1600C2737D /* Directory.cpp in Sources */,
				E7D257B023A94DFB00C2737D /* Coloring.cpp in Sources */,
				E7D2577323A94D4B00C2737D /* CBP_DeepModel.cpp in Sources */,
				E7B42AF622F4AB3600F48597 /* cdt.cc in Sources */,
				E7D2579123A94D9F00C2737D /* CBAR_CallbackI.cpp in Sources */,
				E7D2573B23A94D0100C2737D /* CBP_FloorSegmenter.cpp in Sources */,
				E7B42AF422F4AB3600F48597 /* sweep.cc in Sources */,
				E7D2577A23A94D4B00C2737D /* CBP_WallFloodFill.cpp in Sources */,
				E7D2577423A94D4B00C2737D /* CBP_MLUtility.cpp in Sources */,
				E7D2577623A94D4B00C2737D /* CBP_FloodFillAlgorithm.cpp in Sources */,
				E7D2572F23A94D0100C2737D /* CBP_AnalysisUtil.cpp in Sources */,
				E7D2577823A94D4B00C2737D /* CBP_ShadowsEstimator.cpp in Sources */,
				E7D2577B23A94D4B00C2737D /* CBP_SurfaceNormalsEstimator.cpp in Sources */,
				E7B429CA22F4AB0800F48597 /* CBAR_Paint.cpp in Sources */,
				E7D2575723A94D3500C2737D /* CBP_RenderUtility.cpp in Sources */,
				E7D257CA23A94E1600C2737D /* ShaderUtilities.cpp in Sources */,
				E7D257B723A94DFB00C2737D /* Accelerated.cpp in Sources */,
				E7D257C923A94E1600C2737D /* JSONHelper.cpp in Sources */,
				E7D2572D23A94D0100C2737D /* CBP_PlaneAnalyzer.cpp in Sources */,
				E7D257B223A94DFB00C2737D /* BezierCurve.cpp in Sources */,
				E7D257B423A94DFB00C2737D /* LineProcessing.cpp in Sources */,
				E7D2573123A94D0100C2737D /* CBP_WallFinder.cpp in Sources */,
				E7D2575623A94D3500C2737D /* CBP_RenderingEngine.cpp in Sources */,
				E7D2578C23A94D9F00C2737D /* CBAR_Common.cpp in Sources */,
				E7D2575823A94D3500C2737D /* CBP_Renderer.cpp in Sources */,
				E7D2577C23A94D4B00C2737D /* CBP_ElevationEstimator.cpp in Sources */,
				E7D2573723A94D0100C2737D /* CBP_WallSegmenter.cpp in Sources */,
				E7D2573C23A94D0100C2737D /* CBP_LargeImage.cpp in Sources */,
				E7B429C522F4AB0800F48597 /* CBAR_Scene.cpp in Sources */,
				E7D2574923A94D1F00C2737D /* CBP_MeshUtil.cpp in Sources */,
				E7D257B923A94DFB00C2737D /* FloodFill.cpp in Sources */,
				E7D257CB23A94E1600C2737D /* Diagnostics.cpp in Sources */,
				E7D2574023A94D0100C2737D /* CBP_LineFinder.cpp in Sources */,
				E7D257B123A94DFB00C2737D /* Geometry.cpp in Sources */,
				E7D2572E23A94D0100C2737D /* CBP_SurfaceAnalyzer.cpp in Sources */,
				E7D2573923A94D0100C2737D /* CBP_ColorFinder.cpp in Sources */,
				E7D257B523A94DFB00C2737D /* Imaging.cpp in Sources */,
				E7D257CD23A94E1600C2737D /* CommonUtility.cpp in Sources */,
				E7D257B623A94DFB00C2737D /* LineSegment.cpp in Sources */,
				E7D257BA23A94DFB00C2737D /* Drawing.cpp in Sources */,
				E7D2573D23A94D0100C2737D /* CBP_ElevationAnalyzer.cpp in Sources */,
				E7D2577923A94D4B00C2737D /* CBP_ImageDBExporter.cpp in Sources */,
				E7D2573823A94D0100C2737D /* CBP_AreaAnalyzer.cpp in Sources */,
				E7D2577523A94D4B00C2737D /* CBP_FloorFloodFill.cpp in Sources */,
				E7D2578D23A94D9F00C2737D /* CBAR_View.cpp in Sources */,
				E7D2578F23A94D9F00C2737D /* CBAR_VideoFrame.cpp in Sources */,
				E7B429C922F4AB0800F48597 /* CBAR_Model.cpp in Sources */,
				E7D2573523A94D0100C2737D /* CBP_Analyzer.cpp in Sources */,
				E7D2574A23A94D1F00C2737D /* CBP_Triangulator.cpp in Sources */,
				E7D2578E23A94D9F00C2737D /* CBAR_VideoThread.cpp in Sources */,
				E7D257CE23A94E1600C2737D /* Threads.cpp in Sources */,
				E7D2579023A94D9F00C2737D /* CBAR_GLOffscreenRenderer.cpp in Sources */,
				E7D257B323A94DFB00C2737D /* ImageProcessing.cpp in Sources */,
				E7D257B823A94DFB00C2737D /* RansacPlane.cpp in Sources */,
				E7D2573623A94D0100C2737D /* CBP_SemanticAnalyzer.cpp in Sources */,
				E7B429C822F4AB0800F48597 /* CBAR_SurfaceAsset.cpp in Sources */,
				E7D2575923A94D3500C2737D /* CBP_SurfaceRenderer.cpp in Sources */,
			);
			runOnlyForDeploymentPostprocessing = 0;
		};
/* End PBXSourcesBuildPhase section */

/* Begin XCBuildConfiguration section */
		E7EA1E3A1FD7622C00B3DE54 /* Debug */ = {
			isa = XCBuildConfiguration;
			buildSettings = {
				ALWAYS_SEARCH_USER_PATHS = NO;
				CLANG_ANALYZER_NONNULL = YES;
				CLANG_ANALYZER_NUMBER_OBJECT_CONVERSION = YES_AGGRESSIVE;
				CLANG_CXX_LANGUAGE_STANDARD = "gnu++14";
				CLANG_CXX_LIBRARY = "libc++";
				CLANG_ENABLE_MODULES = YES;
				CLANG_ENABLE_OBJC_ARC = YES;
				CLANG_WARN_BLOCK_CAPTURE_AUTORELEASING = YES;
				CLANG_WARN_BOOL_CONVERSION = YES;
				CLANG_WARN_COMMA = NO;
				CLANG_WARN_CONSTANT_CONVERSION = YES;
				CLANG_WARN_DIRECT_OBJC_ISA_USAGE = YES_ERROR;
				CLANG_WARN_DOCUMENTATION_COMMENTS = NO;
				CLANG_WARN_EMPTY_BODY = YES;
				CLANG_WARN_ENUM_CONVERSION = YES;
				CLANG_WARN_INFINITE_RECURSION = YES;
				CLANG_WARN_INT_CONVERSION = YES;
				CLANG_WARN_NON_LITERAL_NULL_CONVERSION = YES;
				CLANG_WARN_OBJC_LITERAL_CONVERSION = YES;
				CLANG_WARN_OBJC_ROOT_CLASS = YES_ERROR;
				CLANG_WARN_RANGE_LOOP_ANALYSIS = YES;
				CLANG_WARN_STRICT_PROTOTYPES = YES;
				CLANG_WARN_SUSPICIOUS_MOVE = YES;
				CLANG_WARN_UNGUARDED_AVAILABILITY = YES_AGGRESSIVE;
				CLANG_WARN_UNREACHABLE_CODE = YES;
				CLANG_WARN__DUPLICATE_METHOD_MATCH = YES;
				CODE_SIGN_IDENTITY = "iPhone Developer";
				COPY_PHASE_STRIP = NO;
				DEBUG_INFORMATION_FORMAT = dwarf;
				ENABLE_BITCODE = YES;
				ENABLE_STRICT_OBJC_MSGSEND = YES;
				ENABLE_TESTABILITY = YES;
				GCC_C_LANGUAGE_STANDARD = gnu11;
				GCC_DYNAMIC_NO_PIC = NO;
				GCC_NO_COMMON_BLOCKS = YES;
				GCC_OPTIMIZATION_LEVEL = 0;
				GCC_PREPROCESSOR_DEFINITIONS = (
					"$(inherited)",
					"DEBUG=1",
					"DO_LOGGING=1",
					"DO_WRITING=1",
					ANSI_DECLARATORS,
					TRILIBRARY,
				);
				GCC_SYMBOLS_PRIVATE_EXTERN = YES;
				GCC_WARN_64_TO_32_BIT_CONVERSION = YES;
				GCC_WARN_ABOUT_RETURN_TYPE = YES_ERROR;
				GCC_WARN_UNDECLARED_SELECTOR = YES;
				GCC_WARN_UNINITIALIZED_AUTOS = YES_AGGRESSIVE;
				GCC_WARN_UNUSED_FUNCTION = YES;
				GCC_WARN_UNUSED_VARIABLE = YES;
				HEADER_SEARCH_PATHS = (
					"$(cbroot)/cpp",
					"$(prebuilts)/opencv/opencv-ios/include",
					"$(prebuilts)/eigen",
					"$(prebuilts)/jsoncpp/ios/include",
					"$(prebuilts)/liblzma/include",
					"$(prebuilts)/bgfx/include",
					"$(cbroot)/cpp/third_party/dgm",
				);
				IPHONEOS_DEPLOYMENT_TARGET = 10.0;
				LIBRARY_SEARCH_PATHS = (
					"$(prebuilts)/opencv/opencv-ios/lib",
					"$(prebuilts)/jsoncpp/ios/lib",
					"$(prebuilts)/liblzma/lib/ios",
					"$(prebuilts)/bgfx/lib/ios",
				);
				MTL_ENABLE_DEBUG_INFO = YES;
				OTHER_CFLAGS = "-fvisibility=hidden";
				SDKROOT = iphoneos;
				cbroot = "$(PROJECT_DIR)/..";
				prebuilts = "$(cbroot)/prebuilts";
			};
			name = Debug;
		};
		E7EA1E3B1FD7622C00B3DE54 /* Release */ = {
			isa = XCBuildConfiguration;
			buildSettings = {
				ALWAYS_SEARCH_USER_PATHS = NO;
				CLANG_ANALYZER_NONNULL = YES;
				CLANG_ANALYZER_NUMBER_OBJECT_CONVERSION = YES_AGGRESSIVE;
				CLANG_CXX_LANGUAGE_STANDARD = "gnu++14";
				CLANG_CXX_LIBRARY = "libc++";
				CLANG_ENABLE_MODULES = YES;
				CLANG_ENABLE_OBJC_ARC = YES;
				CLANG_WARN_BLOCK_CAPTURE_AUTORELEASING = YES;
				CLANG_WARN_BOOL_CONVERSION = YES;
				CLANG_WARN_COMMA = NO;
				CLANG_WARN_CONSTANT_CONVERSION = YES;
				CLANG_WARN_DIRECT_OBJC_ISA_USAGE = YES_ERROR;
				CLANG_WARN_DOCUMENTATION_COMMENTS = NO;
				CLANG_WARN_EMPTY_BODY = YES;
				CLANG_WARN_ENUM_CONVERSION = YES;
				CLANG_WARN_INFINITE_RECURSION = YES;
				CLANG_WARN_INT_CONVERSION = YES;
				CLANG_WARN_NON_LITERAL_NULL_CONVERSION = YES;
				CLANG_WARN_OBJC_LITERAL_CONVERSION = YES;
				CLANG_WARN_OBJC_ROOT_CLASS = YES_ERROR;
				CLANG_WARN_RANGE_LOOP_ANALYSIS = YES;
				CLANG_WARN_STRICT_PROTOTYPES = YES;
				CLANG_WARN_SUSPICIOUS_MOVE = YES;
				CLANG_WARN_UNGUARDED_AVAILABILITY = YES_AGGRESSIVE;
				CLANG_WARN_UNREACHABLE_CODE = YES;
				CLANG_WARN__DUPLICATE_METHOD_MATCH = YES;
				CODE_SIGN_IDENTITY = "iPhone Developer";
				COPY_PHASE_STRIP = NO;
				DEBUG_INFORMATION_FORMAT = "dwarf-with-dsym";
				ENABLE_BITCODE = YES;
				ENABLE_NS_ASSERTIONS = NO;
				ENABLE_STRICT_OBJC_MSGSEND = YES;
				GCC_C_LANGUAGE_STANDARD = gnu11;
				GCC_NO_COMMON_BLOCKS = YES;
				GCC_PREPROCESSOR_DEFINITIONS = (
					"$(inherited)",
					"DO_WRITING=1",
					ANSI_DECLARATORS,
					TRILIBRARY,
				);
				GCC_SYMBOLS_PRIVATE_EXTERN = YES;
				GCC_WARN_64_TO_32_BIT_CONVERSION = YES;
				GCC_WARN_ABOUT_RETURN_TYPE = YES_ERROR;
				GCC_WARN_UNDECLARED_SELECTOR = YES;
				GCC_WARN_UNINITIALIZED_AUTOS = YES_AGGRESSIVE;
				GCC_WARN_UNUSED_FUNCTION = YES;
				GCC_WARN_UNUSED_VARIABLE = YES;
				HEADER_SEARCH_PATHS = (
					"$(cbroot)/cpp",
					"$(prebuilts)/opencv/opencv-ios/include",
					"$(prebuilts)/eigen",
					"$(prebuilts)/jsoncpp/ios/include",
					"$(prebuilts)/liblzma/include",
					"$(prebuilts)/bgfx/include",
					"$(cbroot)/cpp/third_party/dgm",
				);
				IPHONEOS_DEPLOYMENT_TARGET = 10.0;
				LIBRARY_SEARCH_PATHS = (
					"$(prebuilts)/opencv/opencv-ios/lib",
					"$(prebuilts)/jsoncpp/ios/lib",
					"$(prebuilts)/liblzma/lib/ios",
					"$(prebuilts)/bgfx/lib/ios",
				);
				MTL_ENABLE_DEBUG_INFO = NO;
				OTHER_CFLAGS = "-fvisibility=hidden";
				SDKROOT = iphoneos;
				VALIDATE_PRODUCT = YES;
				cbroot = "$(PROJECT_DIR)/..";
				prebuilts = "$(cbroot)/prebuilts";
			};
			name = Release;
		};
		E7EA1E3D1FD7622C00B3DE54 /* Debug */ = {
			isa = XCBuildConfiguration;
			buildSettings = {
				CODE_SIGN_STYLE = Automatic;
				DEVELOPMENT_TEAM = 487F34SCQ8;
				PRODUCT_NAME = "$(TARGET_NAME)";
				SKIP_INSTALL = YES;
				TARGETED_DEVICE_FAMILY = "1,2";
				WARNING_CFLAGS = "";
			};
			name = Debug;
		};
		E7EA1E3E1FD7622C00B3DE54 /* Release */ = {
			isa = XCBuildConfiguration;
			buildSettings = {
				CODE_SIGN_STYLE = Automatic;
				DEVELOPMENT_TEAM = 487F34SCQ8;
				"MTL_ENABLE_DEBUG_INFO[arch=*]" = NO;
				PRODUCT_NAME = "$(TARGET_NAME)";
				SKIP_INSTALL = YES;
				TARGETED_DEVICE_FAMILY = "1,2";
				WARNING_CFLAGS = "";
			};
			name = Release;
		};
/* End XCBuildConfiguration section */

/* Begin XCConfigurationList section */
		E7EA1E2E1FD7622C00B3DE54 /* Build configuration list for PBXProject "libCambrian" */ = {
			isa = XCConfigurationList;
			buildConfigurations = (
				E7EA1E3A1FD7622C00B3DE54 /* Debug */,
				E7EA1E3B1FD7622C00B3DE54 /* Release */,
			);
			defaultConfigurationIsVisible = 0;
			defaultConfigurationName = Release;
		};
		E7EA1E3C1FD7622C00B3DE54 /* Build configuration list for PBXNativeTarget "Cambrian" */ = {
			isa = XCConfigurationList;
			buildConfigurations = (
				E7EA1E3D1FD7622C00B3DE54 /* Debug */,
				E7EA1E3E1FD7622C00B3DE54 /* Release */,
			);
			defaultConfigurationIsVisible = 0;
			defaultConfigurationName = Release;
		};
/* End XCConfigurationList section */
	};
	rootObject = E7EA1E2B1FD7622C00B3DE54 /* Project object */;
}
